
Microsoft Visual Studio Solution File, Format Version 12.00
# Visual Studio 2013
VisualStudioVersion = 12.0.21005.1
MinimumVisualStudioVersion = 10.0.40219.1
Project("{FAE04EC0-301F-11D3-BF4B-00C04F79EFBC}") = "LearnWPF", "LearnWPF\LearnWPF.csproj", "{83B652AD-991A-4D56-A372-65EB94F90FD0}"
EndProject
Project("{FAE04EC0-301F-11D3-BF4B-00C04F79EFBC}") = "ListBoxDemo", "ListBoxDemo\ListBoxDemo.csproj", "{FE0E1896-08AF-4CB5-BBB1-02A84D84F153}"
EndProject
Project("{FAE04EC0-301F-11D3-BF4B-00C04F79EFBC}") = "ListViewDemo", "ListViewDemo\ListViewDemo.csproj", "{6F02F00C-1A95-463D-8D52-9EDFD63505EC}"
EndProject
Project("{FAE04EC0-301F-11D3-BF4B-00C04F79EFBC}") = "TreeViewDemo", "TreeViewDemo\TreeViewDemo.csproj", "{34B47F6D-1E75-4E48-AA1D-1B99999CEA0B}"
EndProject
Project("{2150E333-8FDC-42A3-9474-1A3956D46DE8}") = "Task", "Task", "{10EB8558-6077-4BD4-8F96-24DDC4268B16}"
EndProject
Project("{FAE04EC0-301F-11D3-BF4B-00C04F79EFBC}") = "TaskDemo", "Task\TaskDemo\TaskDemo.csproj", "{0052670A-6DD3-4CED-81FD-3414BB992E9A}"
EndProject
Project("{FAE04EC0-301F-11D3-BF4B-00C04F79EFBC}") = "TaskDemo.HowToUseContinueWith", "Task\TaskDemo.HowToUseContinueWith\TaskDemo.HowToUseContinueWith.csproj", "{98BAD84D-B57C-49B4-A0DD-1B75D40DD2A4}"
EndProject
Project("{FAE04EC0-301F-11D3-BF4B-00C04F79EFBC}") = "ThreadPoolDemo", "Task\ThreadPoolDemo\ThreadPoolDemo.csproj", "{B7A9E1C3-D98D-47BC-8E3C-8E37C4E0B365}"
EndProject
Project("{2150E333-8FDC-42A3-9474-1A3956D46DE8}") = "1.BasicControl", "1.BasicControl", "{11C1A25B-4339-4D82-9A3A-2C1F89902A74}"
EndProject
Project("{2150E333-8FDC-42A3-9474-1A3956D46DE8}") = "2.ControlConcepts", "2.ControlConcepts", "{0C063FDB-87D5-4C0C-B1B9-512445CAB39A}"
EndProject
Project("{FAE04EC0-301F-11D3-BF4B-00C04F79EFBC}") = "TooltipsDemo", "ControlConcepts\TooltipsDemo\TooltipsDemo.csproj", "{CBD6167D-102A-4E85-9080-910AEBF0ED84}"
EndProject
Project("{FAE04EC0-301F-11D3-BF4B-00C04F79EFBC}") = "TextRendering", "ControlConcepts\TextRendering\TextRendering.csproj", "{2790E2FF-E8BA-471A-86BD-BD17F83834A2}"
EndProject
Project("{2150E333-8FDC-42A3-9474-1A3956D46DE8}") = "3.Panels", "3.Panels", "{5283A4C7-5235-45D1-9A26-E9925103A0BD}"
EndProject
Project("{FAE04EC0-301F-11D3-BF4B-00C04F79EFBC}") = "CanvasDemo", "Panels\CanvasDemo\CanvasDemo.csproj", "{2959A54A-6E25-4365-B624-E68561BB4F96}"
EndProject
Project("{FAE04EC0-301F-11D3-BF4B-00C04F79EFBC}") = "WrapPanelDemo", "Panels\WrapPanelDemo\WrapPanelDemo.csproj", "{2879F3DE-1A95-41DD-9915-6F9A10B40ECF}"
EndProject
Project("{FAE04EC0-301F-11D3-BF4B-00C04F79EFBC}") = "CanvasDemo2", "Panels\CanvasDemo2\CanvasDemo2.csproj", "{440B07EF-2A59-4297-93C7-8588BEDF3EE1}"
EndProject
Project("{FAE04EC0-301F-11D3-BF4B-00C04F79EFBC}") = "WrapPanelDemo2", "Panels\WrapPanelDemo2\WrapPanelDemo2.csproj", "{D4C97E28-D4CC-47FC-94BC-3CC5E0965685}"
EndProject
Project("{FAE04EC0-301F-11D3-BF4B-00C04F79EFBC}") = "StackPanelDemo", "Panels\StackPanelDemo\StackPanelDemo.csproj", "{2EADBC0B-C081-4177-AFB9-FDCEEF146F72}"
EndProject
Project("{FAE04EC0-301F-11D3-BF4B-00C04F79EFBC}") = "DockPanelDemo", "Panels\DockPanelDemo\DockPanelDemo.csproj", "{DDB37DB1-961B-4568-ABF4-D3182703C571}"
EndProject
Project("{FAE04EC0-301F-11D3-BF4B-00C04F79EFBC}") = "GridDemo", "Panels\GridDemo\GridDemo.csproj", "{F0565960-5836-43B3-A4CD-B5D12275802D}"
EndProject
Project("{FAE04EC0-301F-11D3-BF4B-00C04F79EFBC}") = "TaskCancellationToken", "Task\TaskCancellationToken\TaskCancellationToken.csproj", "{14D0696E-9F26-4B09-B7A5-7FBA2937D8B8}"
EndProject
Project("{FAE04EC0-301F-11D3-BF4B-00C04F79EFBC}") = "DockPanelDemo2", "Panels\DockPanelDemo2\DockPanelDemo2.csproj", "{525FC30F-D1F9-44A9-A6F8-18EC5D4A1E15}"
EndProject
Project("{FAE04EC0-301F-11D3-BF4B-00C04F79EFBC}") = "GridDemo2", "Panels\GridDemo2\GridDemo2.csproj", "{6633142E-3A6D-42C4-9188-EB3EF4734DC4}"
EndProject
Project("{FAE04EC0-301F-11D3-BF4B-00C04F79EFBC}") = "GridDemo3", "Panels\GridDemo3\GridDemo3.csproj", "{526C066F-74C0-49D9-B78E-39BD0220BB35}"
EndProject
Project("{FAE04EC0-301F-11D3-BF4B-00C04F79EFBC}") = "GridDemo4", "Panels\GridDemo4\GridDemo4.csproj", "{56AF48C1-F96D-4DD8-BF3E-0AB0120D3A7C}"
EndProject
Project("{FAE04EC0-301F-11D3-BF4B-00C04F79EFBC}") = "GridDemo5", "Panels\GridDemo5\GridDemo5.csproj", "{9ED8CD06-EB9A-4F4A-B359-9FF81A2FD564}"
EndProject
Project("{FAE04EC0-301F-11D3-BF4B-00C04F79EFBC}") = "GridDemo6", "Panels\GridDemo6\GridDemo6.csproj", "{54E2186F-90BF-4988-878D-55EB07008D24}"
EndProject
Project("{FAE04EC0-301F-11D3-BF4B-00C04F79EFBC}") = "GridDemo7", "Panels\GridDemo7\GridDemo7.csproj", "{2150398E-5064-4F1A-AA8F-3367260C49F4}"
EndProject
Project("{FAE04EC0-301F-11D3-BF4B-00C04F79EFBC}") = "GridDemo8", "Panels\GridDemo8\GridDemo8.csproj", "{D08CD052-C085-4B40-9EAC-1EA0280F74E7}"
EndProject
Project("{FAE04EC0-301F-11D3-BF4B-00C04F79EFBC}") = "GridDemo9", "Panels\GridDemo9\GridDemo9.csproj", "{0995BFBB-6C10-442E-B2B3-67C0FB79B3D3}"
EndProject
Project("{2150E333-8FDC-42A3-9474-1A3956D46DE8}") = "4.DataBinding", "4.DataBinding", "{70CF2F69-37BA-4335-AF5D-153630364AC3}"
EndProject
Project("{FAE04EC0-301F-11D3-BF4B-00C04F79EFBC}") = "ElementBindingDemo", "DataBinding\ElementBindingDemo\ElementBindingDemo.csproj", "{50A99B8E-41D9-4A8C-870F-C54C871A6B57}"
EndProject
Project("{FAE04EC0-301F-11D3-BF4B-00C04F79EFBC}") = "ElementBindingDemo2", "DataBinding\ElementBindingDemo2\ElementBindingDemo2.csproj", "{A1F66E5E-74A2-49E1-8CB5-DD2315802D6C}"
EndProject
Project("{FAE04EC0-301F-11D3-BF4B-00C04F79EFBC}") = "ElementBindingDemo3", "DataBinding\ElementBindingDemo3\ElementBindingDemo3.csproj", "{2E014848-F22D-4C00-9060-0F4791347CF7}"
EndProject
Project("{FAE04EC0-301F-11D3-BF4B-00C04F79EFBC}") = "ElementBindingDemo4", "DataBinding\ElementBindingDemo4\ElementBindingDemo4.csproj", "{D4F3260C-AED3-4E42-A193-D85CDC7BBE06}"
EndProject
Project("{FAE04EC0-301F-11D3-BF4B-00C04F79EFBC}") = "ElementBindingDemo6", "DataBinding\ElementBinding6\ElementBindingDemo6.csproj", "{2D4E57B6-9001-4EC6-81D4-71CC6DE7FA7B}"
EndProject
Project("{2150E333-8FDC-42A3-9474-1A3956D46DE8}") = "5.Commands", "5.Commands", "{F8451A90-1B06-4DD9-BCB5-D6686F4D324A}"
EndProject
Project("{FAE04EC0-301F-11D3-BF4B-00C04F79EFBC}") = "ElementBindingDemo5", "DataBinding\ElementBindingDemo5\ElementBindingDemo5.csproj", "{C96923D2-FED6-4F7E-96BA-A874E83E95C2}"
EndProject
Project("{FAE04EC0-301F-11D3-BF4B-00C04F79EFBC}") = "CheckBox", "1.BasicControl\CheckBox\CheckBox.csproj", "{F507B880-F63A-4DD5-A36C-050792B4BE5B}"
EndProject
Project("{FAE04EC0-301F-11D3-BF4B-00C04F79EFBC}") = "CheckBoxDemo2", "1.BasicControl\CheckBoxDemo2\CheckBoxDemo2.csproj", "{5ED9C7B6-E3F6-44A6-85CC-DFC7FE71E3B2}"
EndProject
Project("{FAE04EC0-301F-11D3-BF4B-00C04F79EFBC}") = "CheckBoxDemo3", "1.BasicControl\CheckBoxDemo3\CheckBoxDemo3.csproj", "{3C0EAE18-9909-4DC3-AE99-AC58D52DE944}"
EndProject
Project("{FAE04EC0-301F-11D3-BF4B-00C04F79EFBC}") = "LabelDemo", "1.BasicControl\LabelDemo\LabelDemo.csproj", "{5E0F837D-F5EE-409D-9D4E-425C25AA5390}"
EndProject
Project("{FAE04EC0-301F-11D3-BF4B-00C04F79EFBC}") = "LabelDemo2", "1.BasicControl\LabelDemo2\LabelDemo2.csproj", "{8066E358-FB35-4164-A247-709A01D55A69}"
EndProject
Project("{FAE04EC0-301F-11D3-BF4B-00C04F79EFBC}") = "LabelDemo3", "1.BasicControl\LabelDemo3\LabelDemo3.csproj", "{7B9E13FB-6529-486C-8CB7-B1BC359CD914}"
EndProject
Project("{FAE04EC0-301F-11D3-BF4B-00C04F79EFBC}") = "PasswordBox", "1.BasicControl\PasswordBox\PasswordBox.csproj", "{D651677E-C0E3-4C33-91AD-752A2FBBC0EB}"
EndProject
Project("{FAE04EC0-301F-11D3-BF4B-00C04F79EFBC}") = "PasswordControlDemo", "1.BasicControl\PasswordControlDemo\PasswordControlDemo.csproj", "{89768E7A-94F5-4294-94CD-62B52C2C9BB6}"
EndProject
Project("{FAE04EC0-301F-11D3-BF4B-00C04F79EFBC}") = "RadioButtonDemo", "1.BasicControl\RadioButtonDemo\RadioButtonDemo.csproj", "{EF1DDD83-AB57-4D8F-8C51-CF038D08F577}"
EndProject
Project("{FAE04EC0-301F-11D3-BF4B-00C04F79EFBC}") = "RadioButtonDemo3", "1.BasicControl\RadioButtonDemo3\RadioButtonDemo3.csproj", "{7CE4401F-C952-4A9C-A5D8-EEE674D20728}"
EndProject
Project("{FAE04EC0-301F-11D3-BF4B-00C04F79EFBC}") = "TextBlockDemo", "1.BasicControl\TextBlockDemo\TextBlockDemo.csproj", "{F16487AB-8B37-4BC0-AC3E-E993B3256226}"
EndProject
Project("{FAE04EC0-301F-11D3-BF4B-00C04F79EFBC}") = "TextBlockDemo2", "1.BasicControl\TextBlockDemo2\TextBlockDemo2.csproj", "{767221FE-B6A7-4CC0-8105-4F36DD73C3D3}"
EndProject
Project("{FAE04EC0-301F-11D3-BF4B-00C04F79EFBC}") = "TextBlockDemo3", "1.BasicControl\TextBlockDemo3\TextBlockDemo3.csproj", "{3F1230C0-C86F-4F4E-B480-DA40D35FE8AE}"
EndProject
Project("{FAE04EC0-301F-11D3-BF4B-00C04F79EFBC}") = "TextBoxDemo", "1.BasicControl\TextBoxDemo\TextBoxDemo.csproj", "{F3C823BB-EB55-4D25-99CD-0E4132445BAA}"
EndProject
Project("{FAE04EC0-301F-11D3-BF4B-00C04F79EFBC}") = "CommandDemo1", "5.Commands\CommandDemo1\CommandDemo1.csproj", "{BB6C5325-0C67-4ACA-807B-06806F06EFDF}"
EndProject
Project("{FAE04EC0-301F-11D3-BF4B-00C04F79EFBC}") = "CommandDemo2", "5.Commands\CommandDemo2\CommandDemo2.csproj", "{96C4D536-E022-411E-B17F-156380A151D8}"
EndProject
Project("{FAE04EC0-301F-11D3-BF4B-00C04F79EFBC}") = "CommandDemo3", "5.Commands\CommandDemo3\CommandDemo3.csproj", "{99686C07-E2BE-4C22-A093-BEE30E80C6E6}"
EndProject
Project("{2150E333-8FDC-42A3-9474-1A3956D46DE8}") = "6.Dialog", "6.Dialog", "{F9617DC7-BA75-4509-8767-AB40D1DD53B6}"
EndProject
Project("{FAE04EC0-301F-11D3-BF4B-00C04F79EFBC}") = "MessageBoxDemo", "6.Dialog\MessageBoxDemo\MessageBoxDemo.csproj", "{F6AB6215-364A-4886-98D4-AB101A404BE9}"
EndProject
Project("{FAE04EC0-301F-11D3-BF4B-00C04F79EFBC}") = "OpenDialogDemo", "6.Dialog\OpenDialogDemo\OpenDialogDemo.csproj", "{B55E588A-1653-480A-9552-AC56ED41205A}"
EndProject
Project("{FAE04EC0-301F-11D3-BF4B-00C04F79EFBC}") = "SaveDialog", "6.Dialog\SaveDialog\SaveDialog.csproj", "{0A9719D4-872F-4E8D-B4C5-5BEF679F9DA0}"
EndProject
Project("{2150E333-8FDC-42A3-9474-1A3956D46DE8}") = "7.CommonInterfaceControl", "7.CommonInterfaceControl", "{CBE08B51-0574-4083-9196-AB39D2420DB8}"
EndProject
Project("{FAE04EC0-301F-11D3-BF4B-00C04F79EFBC}") = "MenuDemo", "7.CommonInterfaceControl\MenuDemo\MenuDemo.csproj", "{5514B47C-F062-4E43-BF08-24A03D482026}"
EndProject
Project("{FAE04EC0-301F-11D3-BF4B-00C04F79EFBC}") = "ContextMenuDemo", "7.CommonInterfaceControl\ContextMenuDemo\ContextMenuDemo.csproj", "{7B9F52C7-2E5D-41B2-81FE-EC368BFFF3DD}"
EndProject
Project("{FAE04EC0-301F-11D3-BF4B-00C04F79EFBC}") = "ToolBarDemo", "7.CommonInterfaceControl\ToolBarDemo\ToolBarDemo.csproj", "{E8AC6599-6A46-4E44-97D0-2DE4B23EE8D5}"
EndProject
Project("{FAE04EC0-301F-11D3-BF4B-00C04F79EFBC}") = "StatusBarDemo", "7.CommonInterfaceControl\StatusBarDemo\StatusBarDemo.csproj", "{5E40B86A-3688-4563-BE2C-FD8BA1E2B283}"
EndProject
Project("{FAE04EC0-301F-11D3-BF4B-00C04F79EFBC}") = "StatusBarDemo2", "7.CommonInterfaceControl\StatusBarDemo2\StatusBarDemo2.csproj", "{69ECBB55-96B3-4B31-B67B-F8EF14534BB6}"
EndProject
Project("{FAE04EC0-301F-11D3-BF4B-00C04F79EFBC}") = "RibbonControlDemo", "7.CommonInterfaceControl\RibbonControlDemo\RibbonControlDemo.csproj", "{9E8573A8-B5DA-49A5-A10A-7EFF1DEC7050}"
EndProject
Project("{2150E333-8FDC-42A3-9474-1A3956D46DE8}") = "8.RichTextControl", "8.RichTextControl", "{4A53A01A-B710-493F-BA1E-8AA1EA6251CB}"
EndProject
Project("{FAE04EC0-301F-11D3-BF4B-00C04F79EFBC}") = "FlowDocumentScrollViewer", "8.RichTextControl\FlowDocumentScrollViewer\FlowDocumentScrollViewer.csproj", "{4CEED6AA-C333-4F79-9F84-6E22A2F50CF5}"
EndProject
Project("{FAE04EC0-301F-11D3-BF4B-00C04F79EFBC}") = "FlowDocumentScrollViewerDemo1", "8.RichTextControl\FlowDocumentScrollViewerDemo1\FlowDocumentScrollViewerDemo1.csproj", "{184E1331-62E3-4238-906F-141C00C482AE}"
EndProject
Project("{FAE04EC0-301F-11D3-BF4B-00C04F79EFBC}") = "FlowDocumentScollViewerDemo2", "8.RichTextControl\FlowDocumentScollViewerDemo2\FlowDocumentScollViewerDemo2.csproj", "{BB259675-C286-4D24-AF35-0F03871C32F0}"
EndProject
Project("{FAE04EC0-301F-11D3-BF4B-00C04F79EFBC}") = "FlowDocumentPageDemo1", "8.RichTextControl\FlowDocumentPageDemo1\FlowDocumentPageDemo1.csproj", "{95060A50-8F2B-4E2F-8646-A45A1093C81F}"
EndProject
Project("{FAE04EC0-301F-11D3-BF4B-00C04F79EFBC}") = "FlowDocumentPageViewerDemo2", "8.RichTextControl\FlowDocumentPageViewerDemo2\FlowDocumentPageViewerDemo2.csproj", "{0FAE7E18-4014-444B-8172-60E51760C1C4}"
EndProject
Project("{FAE04EC0-301F-11D3-BF4B-00C04F79EFBC}") = "FlowDocumentReaderDemo1", "8.RichTextControl\FlowDocumentReaderDemo1\FlowDocumentReaderDemo1.csproj", "{5555911E-386C-4CBC-A536-41721AAEE4DB}"
EndProject
Project("{FAE04EC0-301F-11D3-BF4B-00C04F79EFBC}") = "FlowDocumentReaderDemo2", "8.RichTextControl\FlowDocumentReaderDemo2\FlowDocumentReaderDemo2.csproj", "{DA011413-75BC-4C10-AB71-4DC0F7DF7323}"
EndProject
Project("{FAE04EC0-301F-11D3-BF4B-00C04F79EFBC}") = "FlowDocumentReaderDemo3", "8.RichTextControl\FlowDocumentReaderDemo3\FlowDocumentReaderDemo3.csproj", "{FBCEDB9A-29AE-4595-9951-66D43499EB10}"
EndProject
Project("{FAE04EC0-301F-11D3-BF4B-00C04F79EFBC}") = "FlowDocumentReaderDemo4", "8.RichTextControl\FlowDocumentReaderDemo4\FlowDocumentReaderDemo4.csproj", "{65CDB9BE-B4C7-4FE2-88F4-469514508FB4}"
EndProject
Project("{FAE04EC0-301F-11D3-BF4B-00C04F79EFBC}") = "RichTextBoxDemo1", "8.RichTextControl\RichTextBoxDemo1\RichTextBoxDemo1.csproj", "{6EDF3C9D-574F-4841-BC4C-42A705E2A797}"
EndProject
Project("{FAE04EC0-301F-11D3-BF4B-00C04F79EFBC}") = "RichTextControlDemo2", "8.RichTextControl\RichTextControlDemo2\RichTextControlDemo2.csproj", "{BBE6E867-53FE-4947-B1E4-801926421B28}"
EndProject
Project("{FAE04EC0-301F-11D3-BF4B-00C04F79EFBC}") = "RichTextControlDemo3", "8.RichTextControl\RichTextControlDemo3\RichTextControlDemo3.csproj", "{E3276869-C2EC-499E-BFF2-79D8F60F6738}"
EndProject
Project("{2150E333-8FDC-42A3-9474-1A3956D46DE8}") = "9.MiscControls", "9.MiscControls", "{8FB99354-2454-4B57-9441-53564EBD660F}"
EndProject
Project("{FAE04EC0-301F-11D3-BF4B-00C04F79EFBC}") = "BorderDemo1", "9.MiscControls\BorderDemo1\BorderDemo1.csproj", "{65F386E6-7C6F-4D8C-A3FD-0462D6AB93AB}"
EndProject
Project("{2150E333-8FDC-42A3-9474-1A3956D46DE8}") = "10.TabControl", "10.TabControl", "{69CD8535-1854-4EFF-96D9-35A4F1E725B1}"
EndProject
Project("{FAE04EC0-301F-11D3-BF4B-00C04F79EFBC}") = "TabControlDemo1", "10.TabControl\TabControlDemo1\TabControlDemo1.csproj", "{97266279-587E-459C-8812-769CD1E8FFAC}"
EndProject
Project("{FAE04EC0-301F-11D3-BF4B-00C04F79EFBC}") = "BorderDemo2", "9.MiscControls\BorderDemo2\BorderDemo2.csproj", "{C4B7A8F4-CF90-4850-AED8-D9A188EFA282}"
EndProject
Project("{FAE04EC0-301F-11D3-BF4B-00C04F79EFBC}") = "BorderDemo3", "9.MiscControls\BorderDemo3\BorderDemo3.csproj", "{5BB6F4A9-0B17-4711-8B9D-03362D1C4EC4}"
EndProject
Project("{FAE04EC0-301F-11D3-BF4B-00C04F79EFBC}") = "BorderDemo4", "9.MiscControls\BorderDemo4\BorderDemo4.csproj", "{F25B08B1-8C07-4671-A6A9-10D72790B3BA}"
EndProject
Project("{FAE04EC0-301F-11D3-BF4B-00C04F79EFBC}") = "SliderDemo1", "9.MiscControls\SliderDemo1\SliderDemo1.csproj", "{B206DEC1-7C61-4B3C-B64A-C54412D6B13E}"
EndProject
Project("{FAE04EC0-301F-11D3-BF4B-00C04F79EFBC}") = "SliderDemo2", "9.MiscControls\SliderDemo2\SliderDemo2.csproj", "{119759F6-AF9A-42B1-838E-15C8D51019D4}"
EndProject
Project("{FAE04EC0-301F-11D3-BF4B-00C04F79EFBC}") = "SliderDemo3", "9.MiscControls\SliderDemo3\SliderDemo3.csproj", "{738E197E-3924-42C4-99A2-478567154DF7}"
EndProject
Project("{FAE04EC0-301F-11D3-BF4B-00C04F79EFBC}") = "SliderDemo4", "9.MiscControls\SliderDemo4\SliderDemo4.csproj", "{93C74DB2-C1D8-420A-ACF0-FDACE1056019}"
EndProject
Project("{FAE04EC0-301F-11D3-BF4B-00C04F79EFBC}") = "SliderDemo5", "9.MiscControls\SliderDemo5\SliderDemo5.csproj", "{1FF218D0-B396-4F32-97A9-63E5190F7584}"
EndProject
Project("{FAE04EC0-301F-11D3-BF4B-00C04F79EFBC}") = "ProgressBarDemo1", "9.MiscControls\ProgressBarDemo1\ProgressBarDemo1.csproj", "{30675FB5-A511-4F91-90EC-B41A450A1234}"
EndProject
Project("{FAE04EC0-301F-11D3-BF4B-00C04F79EFBC}") = "ProgressBarDemo2", "9.MiscControls\ProgressBarDemo2\ProgressBarDemo2.csproj", "{AF208264-1668-49E6-A899-1CB1AFB2EB6B}"
EndProject
Project("{FAE04EC0-301F-11D3-BF4B-00C04F79EFBC}") = "ProgressBarDemo3", "9.MiscControls\ProgressBarDemo3\ProgressBarDemo3.csproj", "{A38D3F7E-1724-40B8-BEF5-D04FB59E4168}"
EndProject
Project("{FAE04EC0-301F-11D3-BF4B-00C04F79EFBC}") = "ProgressBarDemo4", "9.MiscControls\ProgressBarDemo4\ProgressBarDemo4.csproj", "{93A4E8FF-AC7C-4CA8-BD71-64CC4EB35CEF}"
EndProject
Project("{FAE04EC0-301F-11D3-BF4B-00C04F79EFBC}") = "WebBrowserControlDemo", "9.MiscControls\WebBrowserControlDemo\WebBrowserControlDemo.csproj", "{9943EAD3-3F17-421F-92E8-276C6BE4FBE9}"
EndProject
Project("{FAE04EC0-301F-11D3-BF4B-00C04F79EFBC}") = "WindowsFormsHostDemo01", "9.MiscControls\WindowsFormsHostDemo01\WindowsFormsHostDemo01.csproj", "{C432CD5E-B4CE-4B5A-9105-95DF638AEA67}"
EndProject
Global
	GlobalSection(SolutionConfigurationPlatforms) = preSolution
		Debug|Any CPU = Debug|Any CPU
		Release|Any CPU = Release|Any CPU
	EndGlobalSection
	GlobalSection(ProjectConfigurationPlatforms) = postSolution
		{83B652AD-991A-4D56-A372-65EB94F90FD0}.Debug|Any CPU.ActiveCfg = Debug|Any CPU
		{83B652AD-991A-4D56-A372-65EB94F90FD0}.Debug|Any CPU.Build.0 = Debug|Any CPU
		{83B652AD-991A-4D56-A372-65EB94F90FD0}.Release|Any CPU.ActiveCfg = Release|Any CPU
		{83B652AD-991A-4D56-A372-65EB94F90FD0}.Release|Any CPU.Build.0 = Release|Any CPU
		{FE0E1896-08AF-4CB5-BBB1-02A84D84F153}.Debug|Any CPU.ActiveCfg = Debug|Any CPU
		{FE0E1896-08AF-4CB5-BBB1-02A84D84F153}.Debug|Any CPU.Build.0 = Debug|Any CPU
		{FE0E1896-08AF-4CB5-BBB1-02A84D84F153}.Release|Any CPU.ActiveCfg = Release|Any CPU
		{FE0E1896-08AF-4CB5-BBB1-02A84D84F153}.Release|Any CPU.Build.0 = Release|Any CPU
		{6F02F00C-1A95-463D-8D52-9EDFD63505EC}.Debug|Any CPU.ActiveCfg = Debug|Any CPU
		{6F02F00C-1A95-463D-8D52-9EDFD63505EC}.Debug|Any CPU.Build.0 = Debug|Any CPU
		{6F02F00C-1A95-463D-8D52-9EDFD63505EC}.Release|Any CPU.ActiveCfg = Release|Any CPU
		{6F02F00C-1A95-463D-8D52-9EDFD63505EC}.Release|Any CPU.Build.0 = Release|Any CPU
		{34B47F6D-1E75-4E48-AA1D-1B99999CEA0B}.Debug|Any CPU.ActiveCfg = Debug|Any CPU
		{34B47F6D-1E75-4E48-AA1D-1B99999CEA0B}.Debug|Any CPU.Build.0 = Debug|Any CPU
		{34B47F6D-1E75-4E48-AA1D-1B99999CEA0B}.Release|Any CPU.ActiveCfg = Release|Any CPU
		{34B47F6D-1E75-4E48-AA1D-1B99999CEA0B}.Release|Any CPU.Build.0 = Release|Any CPU
		{0052670A-6DD3-4CED-81FD-3414BB992E9A}.Debug|Any CPU.ActiveCfg = Debug|Any CPU
		{0052670A-6DD3-4CED-81FD-3414BB992E9A}.Debug|Any CPU.Build.0 = Debug|Any CPU
		{0052670A-6DD3-4CED-81FD-3414BB992E9A}.Release|Any CPU.ActiveCfg = Release|Any CPU
		{0052670A-6DD3-4CED-81FD-3414BB992E9A}.Release|Any CPU.Build.0 = Release|Any CPU
		{98BAD84D-B57C-49B4-A0DD-1B75D40DD2A4}.Debug|Any CPU.ActiveCfg = Debug|Any CPU
		{98BAD84D-B57C-49B4-A0DD-1B75D40DD2A4}.Debug|Any CPU.Build.0 = Debug|Any CPU
		{98BAD84D-B57C-49B4-A0DD-1B75D40DD2A4}.Release|Any CPU.ActiveCfg = Release|Any CPU
		{98BAD84D-B57C-49B4-A0DD-1B75D40DD2A4}.Release|Any CPU.Build.0 = Release|Any CPU
		{B7A9E1C3-D98D-47BC-8E3C-8E37C4E0B365}.Debug|Any CPU.ActiveCfg = Debug|Any CPU
		{B7A9E1C3-D98D-47BC-8E3C-8E37C4E0B365}.Debug|Any CPU.Build.0 = Debug|Any CPU
		{B7A9E1C3-D98D-47BC-8E3C-8E37C4E0B365}.Release|Any CPU.ActiveCfg = Release|Any CPU
		{B7A9E1C3-D98D-47BC-8E3C-8E37C4E0B365}.Release|Any CPU.Build.0 = Release|Any CPU
		{CBD6167D-102A-4E85-9080-910AEBF0ED84}.Debug|Any CPU.ActiveCfg = Debug|Any CPU
		{CBD6167D-102A-4E85-9080-910AEBF0ED84}.Debug|Any CPU.Build.0 = Debug|Any CPU
		{CBD6167D-102A-4E85-9080-910AEBF0ED84}.Release|Any CPU.ActiveCfg = Release|Any CPU
		{CBD6167D-102A-4E85-9080-910AEBF0ED84}.Release|Any CPU.Build.0 = Release|Any CPU
		{2790E2FF-E8BA-471A-86BD-BD17F83834A2}.Debug|Any CPU.ActiveCfg = Debug|Any CPU
		{2790E2FF-E8BA-471A-86BD-BD17F83834A2}.Debug|Any CPU.Build.0 = Debug|Any CPU
		{2790E2FF-E8BA-471A-86BD-BD17F83834A2}.Release|Any CPU.ActiveCfg = Release|Any CPU
		{2790E2FF-E8BA-471A-86BD-BD17F83834A2}.Release|Any CPU.Build.0 = Release|Any CPU
		{2959A54A-6E25-4365-B624-E68561BB4F96}.Debug|Any CPU.ActiveCfg = Debug|Any CPU
		{2959A54A-6E25-4365-B624-E68561BB4F96}.Debug|Any CPU.Build.0 = Debug|Any CPU
		{2959A54A-6E25-4365-B624-E68561BB4F96}.Release|Any CPU.ActiveCfg = Release|Any CPU
		{2959A54A-6E25-4365-B624-E68561BB4F96}.Release|Any CPU.Build.0 = Release|Any CPU
		{2879F3DE-1A95-41DD-9915-6F9A10B40ECF}.Debug|Any CPU.ActiveCfg = Debug|Any CPU
		{2879F3DE-1A95-41DD-9915-6F9A10B40ECF}.Debug|Any CPU.Build.0 = Debug|Any CPU
		{2879F3DE-1A95-41DD-9915-6F9A10B40ECF}.Release|Any CPU.ActiveCfg = Release|Any CPU
		{2879F3DE-1A95-41DD-9915-6F9A10B40ECF}.Release|Any CPU.Build.0 = Release|Any CPU
		{440B07EF-2A59-4297-93C7-8588BEDF3EE1}.Debug|Any CPU.ActiveCfg = Debug|Any CPU
		{440B07EF-2A59-4297-93C7-8588BEDF3EE1}.Debug|Any CPU.Build.0 = Debug|Any CPU
		{440B07EF-2A59-4297-93C7-8588BEDF3EE1}.Release|Any CPU.ActiveCfg = Release|Any CPU
		{440B07EF-2A59-4297-93C7-8588BEDF3EE1}.Release|Any CPU.Build.0 = Release|Any CPU
		{D4C97E28-D4CC-47FC-94BC-3CC5E0965685}.Debug|Any CPU.ActiveCfg = Debug|Any CPU
		{D4C97E28-D4CC-47FC-94BC-3CC5E0965685}.Debug|Any CPU.Build.0 = Debug|Any CPU
		{D4C97E28-D4CC-47FC-94BC-3CC5E0965685}.Release|Any CPU.ActiveCfg = Release|Any CPU
		{D4C97E28-D4CC-47FC-94BC-3CC5E0965685}.Release|Any CPU.Build.0 = Release|Any CPU
		{2EADBC0B-C081-4177-AFB9-FDCEEF146F72}.Debug|Any CPU.ActiveCfg = Debug|Any CPU
		{2EADBC0B-C081-4177-AFB9-FDCEEF146F72}.Debug|Any CPU.Build.0 = Debug|Any CPU
		{2EADBC0B-C081-4177-AFB9-FDCEEF146F72}.Release|Any CPU.ActiveCfg = Release|Any CPU
		{2EADBC0B-C081-4177-AFB9-FDCEEF146F72}.Release|Any CPU.Build.0 = Release|Any CPU
		{DDB37DB1-961B-4568-ABF4-D3182703C571}.Debug|Any CPU.ActiveCfg = Debug|Any CPU
		{DDB37DB1-961B-4568-ABF4-D3182703C571}.Debug|Any CPU.Build.0 = Debug|Any CPU
		{DDB37DB1-961B-4568-ABF4-D3182703C571}.Release|Any CPU.ActiveCfg = Release|Any CPU
		{DDB37DB1-961B-4568-ABF4-D3182703C571}.Release|Any CPU.Build.0 = Release|Any CPU
		{F0565960-5836-43B3-A4CD-B5D12275802D}.Debug|Any CPU.ActiveCfg = Debug|Any CPU
		{F0565960-5836-43B3-A4CD-B5D12275802D}.Debug|Any CPU.Build.0 = Debug|Any CPU
		{F0565960-5836-43B3-A4CD-B5D12275802D}.Release|Any CPU.ActiveCfg = Release|Any CPU
		{F0565960-5836-43B3-A4CD-B5D12275802D}.Release|Any CPU.Build.0 = Release|Any CPU
		{14D0696E-9F26-4B09-B7A5-7FBA2937D8B8}.Debug|Any CPU.ActiveCfg = Debug|Any CPU
		{14D0696E-9F26-4B09-B7A5-7FBA2937D8B8}.Debug|Any CPU.Build.0 = Debug|Any CPU
		{14D0696E-9F26-4B09-B7A5-7FBA2937D8B8}.Release|Any CPU.ActiveCfg = Release|Any CPU
		{14D0696E-9F26-4B09-B7A5-7FBA2937D8B8}.Release|Any CPU.Build.0 = Release|Any CPU
		{525FC30F-D1F9-44A9-A6F8-18EC5D4A1E15}.Debug|Any CPU.ActiveCfg = Debug|Any CPU
		{525FC30F-D1F9-44A9-A6F8-18EC5D4A1E15}.Debug|Any CPU.Build.0 = Debug|Any CPU
		{525FC30F-D1F9-44A9-A6F8-18EC5D4A1E15}.Release|Any CPU.ActiveCfg = Release|Any CPU
		{525FC30F-D1F9-44A9-A6F8-18EC5D4A1E15}.Release|Any CPU.Build.0 = Release|Any CPU
		{6633142E-3A6D-42C4-9188-EB3EF4734DC4}.Debug|Any CPU.ActiveCfg = Debug|Any CPU
		{6633142E-3A6D-42C4-9188-EB3EF4734DC4}.Debug|Any CPU.Build.0 = Debug|Any CPU
		{6633142E-3A6D-42C4-9188-EB3EF4734DC4}.Release|Any CPU.ActiveCfg = Release|Any CPU
		{6633142E-3A6D-42C4-9188-EB3EF4734DC4}.Release|Any CPU.Build.0 = Release|Any CPU
		{526C066F-74C0-49D9-B78E-39BD0220BB35}.Debug|Any CPU.ActiveCfg = Debug|Any CPU
		{526C066F-74C0-49D9-B78E-39BD0220BB35}.Debug|Any CPU.Build.0 = Debug|Any CPU
		{526C066F-74C0-49D9-B78E-39BD0220BB35}.Release|Any CPU.ActiveCfg = Release|Any CPU
		{526C066F-74C0-49D9-B78E-39BD0220BB35}.Release|Any CPU.Build.0 = Release|Any CPU
		{56AF48C1-F96D-4DD8-BF3E-0AB0120D3A7C}.Debug|Any CPU.ActiveCfg = Debug|Any CPU
		{56AF48C1-F96D-4DD8-BF3E-0AB0120D3A7C}.Debug|Any CPU.Build.0 = Debug|Any CPU
		{56AF48C1-F96D-4DD8-BF3E-0AB0120D3A7C}.Release|Any CPU.ActiveCfg = Release|Any CPU
		{56AF48C1-F96D-4DD8-BF3E-0AB0120D3A7C}.Release|Any CPU.Build.0 = Release|Any CPU
		{9ED8CD06-EB9A-4F4A-B359-9FF81A2FD564}.Debug|Any CPU.ActiveCfg = Debug|Any CPU
		{9ED8CD06-EB9A-4F4A-B359-9FF81A2FD564}.Debug|Any CPU.Build.0 = Debug|Any CPU
		{9ED8CD06-EB9A-4F4A-B359-9FF81A2FD564}.Release|Any CPU.ActiveCfg = Release|Any CPU
		{9ED8CD06-EB9A-4F4A-B359-9FF81A2FD564}.Release|Any CPU.Build.0 = Release|Any CPU
		{54E2186F-90BF-4988-878D-55EB07008D24}.Debug|Any CPU.ActiveCfg = Debug|Any CPU
		{54E2186F-90BF-4988-878D-55EB07008D24}.Debug|Any CPU.Build.0 = Debug|Any CPU
		{54E2186F-90BF-4988-878D-55EB07008D24}.Release|Any CPU.ActiveCfg = Release|Any CPU
		{54E2186F-90BF-4988-878D-55EB07008D24}.Release|Any CPU.Build.0 = Release|Any CPU
		{2150398E-5064-4F1A-AA8F-3367260C49F4}.Debug|Any CPU.ActiveCfg = Debug|Any CPU
		{2150398E-5064-4F1A-AA8F-3367260C49F4}.Debug|Any CPU.Build.0 = Debug|Any CPU
		{2150398E-5064-4F1A-AA8F-3367260C49F4}.Release|Any CPU.ActiveCfg = Release|Any CPU
		{2150398E-5064-4F1A-AA8F-3367260C49F4}.Release|Any CPU.Build.0 = Release|Any CPU
		{D08CD052-C085-4B40-9EAC-1EA0280F74E7}.Debug|Any CPU.ActiveCfg = Debug|Any CPU
		{D08CD052-C085-4B40-9EAC-1EA0280F74E7}.Debug|Any CPU.Build.0 = Debug|Any CPU
		{D08CD052-C085-4B40-9EAC-1EA0280F74E7}.Release|Any CPU.ActiveCfg = Release|Any CPU
		{D08CD052-C085-4B40-9EAC-1EA0280F74E7}.Release|Any CPU.Build.0 = Release|Any CPU
		{0995BFBB-6C10-442E-B2B3-67C0FB79B3D3}.Debug|Any CPU.ActiveCfg = Debug|Any CPU
		{0995BFBB-6C10-442E-B2B3-67C0FB79B3D3}.Debug|Any CPU.Build.0 = Debug|Any CPU
		{0995BFBB-6C10-442E-B2B3-67C0FB79B3D3}.Release|Any CPU.ActiveCfg = Release|Any CPU
		{0995BFBB-6C10-442E-B2B3-67C0FB79B3D3}.Release|Any CPU.Build.0 = Release|Any CPU
		{50A99B8E-41D9-4A8C-870F-C54C871A6B57}.Debug|Any CPU.ActiveCfg = Debug|Any CPU
		{50A99B8E-41D9-4A8C-870F-C54C871A6B57}.Debug|Any CPU.Build.0 = Debug|Any CPU
		{50A99B8E-41D9-4A8C-870F-C54C871A6B57}.Release|Any CPU.ActiveCfg = Release|Any CPU
		{50A99B8E-41D9-4A8C-870F-C54C871A6B57}.Release|Any CPU.Build.0 = Release|Any CPU
		{A1F66E5E-74A2-49E1-8CB5-DD2315802D6C}.Debug|Any CPU.ActiveCfg = Debug|Any CPU
		{A1F66E5E-74A2-49E1-8CB5-DD2315802D6C}.Debug|Any CPU.Build.0 = Debug|Any CPU
		{A1F66E5E-74A2-49E1-8CB5-DD2315802D6C}.Release|Any CPU.ActiveCfg = Release|Any CPU
		{A1F66E5E-74A2-49E1-8CB5-DD2315802D6C}.Release|Any CPU.Build.0 = Release|Any CPU
		{2E014848-F22D-4C00-9060-0F4791347CF7}.Debug|Any CPU.ActiveCfg = Debug|Any CPU
		{2E014848-F22D-4C00-9060-0F4791347CF7}.Debug|Any CPU.Build.0 = Debug|Any CPU
		{2E014848-F22D-4C00-9060-0F4791347CF7}.Release|Any CPU.ActiveCfg = Release|Any CPU
		{2E014848-F22D-4C00-9060-0F4791347CF7}.Release|Any CPU.Build.0 = Release|Any CPU
		{D4F3260C-AED3-4E42-A193-D85CDC7BBE06}.Debug|Any CPU.ActiveCfg = Debug|Any CPU
		{D4F3260C-AED3-4E42-A193-D85CDC7BBE06}.Debug|Any CPU.Build.0 = Debug|Any CPU
		{D4F3260C-AED3-4E42-A193-D85CDC7BBE06}.Release|Any CPU.ActiveCfg = Release|Any CPU
		{D4F3260C-AED3-4E42-A193-D85CDC7BBE06}.Release|Any CPU.Build.0 = Release|Any CPU
		{2D4E57B6-9001-4EC6-81D4-71CC6DE7FA7B}.Debug|Any CPU.ActiveCfg = Debug|Any CPU
		{2D4E57B6-9001-4EC6-81D4-71CC6DE7FA7B}.Debug|Any CPU.Build.0 = Debug|Any CPU
		{2D4E57B6-9001-4EC6-81D4-71CC6DE7FA7B}.Release|Any CPU.ActiveCfg = Release|Any CPU
		{2D4E57B6-9001-4EC6-81D4-71CC6DE7FA7B}.Release|Any CPU.Build.0 = Release|Any CPU
		{C96923D2-FED6-4F7E-96BA-A874E83E95C2}.Debug|Any CPU.ActiveCfg = Debug|Any CPU
		{C96923D2-FED6-4F7E-96BA-A874E83E95C2}.Debug|Any CPU.Build.0 = Debug|Any CPU
		{C96923D2-FED6-4F7E-96BA-A874E83E95C2}.Release|Any CPU.ActiveCfg = Release|Any CPU
		{C96923D2-FED6-4F7E-96BA-A874E83E95C2}.Release|Any CPU.Build.0 = Release|Any CPU
		{F507B880-F63A-4DD5-A36C-050792B4BE5B}.Debug|Any CPU.ActiveCfg = Debug|Any CPU
		{F507B880-F63A-4DD5-A36C-050792B4BE5B}.Debug|Any CPU.Build.0 = Debug|Any CPU
		{F507B880-F63A-4DD5-A36C-050792B4BE5B}.Release|Any CPU.ActiveCfg = Release|Any CPU
		{F507B880-F63A-4DD5-A36C-050792B4BE5B}.Release|Any CPU.Build.0 = Release|Any CPU
		{5ED9C7B6-E3F6-44A6-85CC-DFC7FE71E3B2}.Debug|Any CPU.ActiveCfg = Debug|Any CPU
		{5ED9C7B6-E3F6-44A6-85CC-DFC7FE71E3B2}.Debug|Any CPU.Build.0 = Debug|Any CPU
		{5ED9C7B6-E3F6-44A6-85CC-DFC7FE71E3B2}.Release|Any CPU.ActiveCfg = Release|Any CPU
		{5ED9C7B6-E3F6-44A6-85CC-DFC7FE71E3B2}.Release|Any CPU.Build.0 = Release|Any CPU
		{3C0EAE18-9909-4DC3-AE99-AC58D52DE944}.Debug|Any CPU.ActiveCfg = Debug|Any CPU
		{3C0EAE18-9909-4DC3-AE99-AC58D52DE944}.Debug|Any CPU.Build.0 = Debug|Any CPU
		{3C0EAE18-9909-4DC3-AE99-AC58D52DE944}.Release|Any CPU.ActiveCfg = Release|Any CPU
		{3C0EAE18-9909-4DC3-AE99-AC58D52DE944}.Release|Any CPU.Build.0 = Release|Any CPU
		{5E0F837D-F5EE-409D-9D4E-425C25AA5390}.Debug|Any CPU.ActiveCfg = Debug|Any CPU
		{5E0F837D-F5EE-409D-9D4E-425C25AA5390}.Debug|Any CPU.Build.0 = Debug|Any CPU
		{5E0F837D-F5EE-409D-9D4E-425C25AA5390}.Release|Any CPU.ActiveCfg = Release|Any CPU
		{5E0F837D-F5EE-409D-9D4E-425C25AA5390}.Release|Any CPU.Build.0 = Release|Any CPU
		{8066E358-FB35-4164-A247-709A01D55A69}.Debug|Any CPU.ActiveCfg = Debug|Any CPU
		{8066E358-FB35-4164-A247-709A01D55A69}.Debug|Any CPU.Build.0 = Debug|Any CPU
		{8066E358-FB35-4164-A247-709A01D55A69}.Release|Any CPU.ActiveCfg = Release|Any CPU
		{8066E358-FB35-4164-A247-709A01D55A69}.Release|Any CPU.Build.0 = Release|Any CPU
		{7B9E13FB-6529-486C-8CB7-B1BC359CD914}.Debug|Any CPU.ActiveCfg = Debug|Any CPU
		{7B9E13FB-6529-486C-8CB7-B1BC359CD914}.Debug|Any CPU.Build.0 = Debug|Any CPU
		{7B9E13FB-6529-486C-8CB7-B1BC359CD914}.Release|Any CPU.ActiveCfg = Release|Any CPU
		{7B9E13FB-6529-486C-8CB7-B1BC359CD914}.Release|Any CPU.Build.0 = Release|Any CPU
		{D651677E-C0E3-4C33-91AD-752A2FBBC0EB}.Debug|Any CPU.ActiveCfg = Debug|Any CPU
		{D651677E-C0E3-4C33-91AD-752A2FBBC0EB}.Debug|Any CPU.Build.0 = Debug|Any CPU
		{D651677E-C0E3-4C33-91AD-752A2FBBC0EB}.Release|Any CPU.ActiveCfg = Release|Any CPU
		{D651677E-C0E3-4C33-91AD-752A2FBBC0EB}.Release|Any CPU.Build.0 = Release|Any CPU
		{89768E7A-94F5-4294-94CD-62B52C2C9BB6}.Debug|Any CPU.ActiveCfg = Debug|Any CPU
		{89768E7A-94F5-4294-94CD-62B52C2C9BB6}.Debug|Any CPU.Build.0 = Debug|Any CPU
		{89768E7A-94F5-4294-94CD-62B52C2C9BB6}.Release|Any CPU.ActiveCfg = Release|Any CPU
		{89768E7A-94F5-4294-94CD-62B52C2C9BB6}.Release|Any CPU.Build.0 = Release|Any CPU
		{EF1DDD83-AB57-4D8F-8C51-CF038D08F577}.Debug|Any CPU.ActiveCfg = Debug|Any CPU
		{EF1DDD83-AB57-4D8F-8C51-CF038D08F577}.Debug|Any CPU.Build.0 = Debug|Any CPU
		{EF1DDD83-AB57-4D8F-8C51-CF038D08F577}.Release|Any CPU.ActiveCfg = Release|Any CPU
		{EF1DDD83-AB57-4D8F-8C51-CF038D08F577}.Release|Any CPU.Build.0 = Release|Any CPU
		{7CE4401F-C952-4A9C-A5D8-EEE674D20728}.Debug|Any CPU.ActiveCfg = Debug|Any CPU
		{7CE4401F-C952-4A9C-A5D8-EEE674D20728}.Debug|Any CPU.Build.0 = Debug|Any CPU
		{7CE4401F-C952-4A9C-A5D8-EEE674D20728}.Release|Any CPU.ActiveCfg = Release|Any CPU
		{7CE4401F-C952-4A9C-A5D8-EEE674D20728}.Release|Any CPU.Build.0 = Release|Any CPU
		{F16487AB-8B37-4BC0-AC3E-E993B3256226}.Debug|Any CPU.ActiveCfg = Debug|Any CPU
		{F16487AB-8B37-4BC0-AC3E-E993B3256226}.Debug|Any CPU.Build.0 = Debug|Any CPU
		{F16487AB-8B37-4BC0-AC3E-E993B3256226}.Release|Any CPU.ActiveCfg = Release|Any CPU
		{F16487AB-8B37-4BC0-AC3E-E993B3256226}.Release|Any CPU.Build.0 = Release|Any CPU
		{767221FE-B6A7-4CC0-8105-4F36DD73C3D3}.Debug|Any CPU.ActiveCfg = Debug|Any CPU
		{767221FE-B6A7-4CC0-8105-4F36DD73C3D3}.Debug|Any CPU.Build.0 = Debug|Any CPU
		{767221FE-B6A7-4CC0-8105-4F36DD73C3D3}.Release|Any CPU.ActiveCfg = Release|Any CPU
		{767221FE-B6A7-4CC0-8105-4F36DD73C3D3}.Release|Any CPU.Build.0 = Release|Any CPU
		{3F1230C0-C86F-4F4E-B480-DA40D35FE8AE}.Debug|Any CPU.ActiveCfg = Debug|Any CPU
		{3F1230C0-C86F-4F4E-B480-DA40D35FE8AE}.Debug|Any CPU.Build.0 = Debug|Any CPU
		{3F1230C0-C86F-4F4E-B480-DA40D35FE8AE}.Release|Any CPU.ActiveCfg = Release|Any CPU
		{3F1230C0-C86F-4F4E-B480-DA40D35FE8AE}.Release|Any CPU.Build.0 = Release|Any CPU
		{F3C823BB-EB55-4D25-99CD-0E4132445BAA}.Debug|Any CPU.ActiveCfg = Debug|Any CPU
		{F3C823BB-EB55-4D25-99CD-0E4132445BAA}.Debug|Any CPU.Build.0 = Debug|Any CPU
		{F3C823BB-EB55-4D25-99CD-0E4132445BAA}.Release|Any CPU.ActiveCfg = Release|Any CPU
		{F3C823BB-EB55-4D25-99CD-0E4132445BAA}.Release|Any CPU.Build.0 = Release|Any CPU
		{BB6C5325-0C67-4ACA-807B-06806F06EFDF}.Debug|Any CPU.ActiveCfg = Debug|Any CPU
		{BB6C5325-0C67-4ACA-807B-06806F06EFDF}.Debug|Any CPU.Build.0 = Debug|Any CPU
		{BB6C5325-0C67-4ACA-807B-06806F06EFDF}.Release|Any CPU.ActiveCfg = Release|Any CPU
		{BB6C5325-0C67-4ACA-807B-06806F06EFDF}.Release|Any CPU.Build.0 = Release|Any CPU
		{96C4D536-E022-411E-B17F-156380A151D8}.Debug|Any CPU.ActiveCfg = Debug|Any CPU
		{96C4D536-E022-411E-B17F-156380A151D8}.Debug|Any CPU.Build.0 = Debug|Any CPU
		{96C4D536-E022-411E-B17F-156380A151D8}.Release|Any CPU.ActiveCfg = Release|Any CPU
		{96C4D536-E022-411E-B17F-156380A151D8}.Release|Any CPU.Build.0 = Release|Any CPU
		{99686C07-E2BE-4C22-A093-BEE30E80C6E6}.Debug|Any CPU.ActiveCfg = Debug|Any CPU
		{99686C07-E2BE-4C22-A093-BEE30E80C6E6}.Debug|Any CPU.Build.0 = Debug|Any CPU
		{99686C07-E2BE-4C22-A093-BEE30E80C6E6}.Release|Any CPU.ActiveCfg = Release|Any CPU
		{99686C07-E2BE-4C22-A093-BEE30E80C6E6}.Release|Any CPU.Build.0 = Release|Any CPU
		{F6AB6215-364A-4886-98D4-AB101A404BE9}.Debug|Any CPU.ActiveCfg = Debug|Any CPU
		{F6AB6215-364A-4886-98D4-AB101A404BE9}.Debug|Any CPU.Build.0 = Debug|Any CPU
		{F6AB6215-364A-4886-98D4-AB101A404BE9}.Release|Any CPU.ActiveCfg = Release|Any CPU
		{F6AB6215-364A-4886-98D4-AB101A404BE9}.Release|Any CPU.Build.0 = Release|Any CPU
		{B55E588A-1653-480A-9552-AC56ED41205A}.Debug|Any CPU.ActiveCfg = Debug|Any CPU
		{B55E588A-1653-480A-9552-AC56ED41205A}.Debug|Any CPU.Build.0 = Debug|Any CPU
		{B55E588A-1653-480A-9552-AC56ED41205A}.Release|Any CPU.ActiveCfg = Release|Any CPU
		{B55E588A-1653-480A-9552-AC56ED41205A}.Release|Any CPU.Build.0 = Release|Any CPU
		{0A9719D4-872F-4E8D-B4C5-5BEF679F9DA0}.Debug|Any CPU.ActiveCfg = Debug|Any CPU
		{0A9719D4-872F-4E8D-B4C5-5BEF679F9DA0}.Debug|Any CPU.Build.0 = Debug|Any CPU
		{0A9719D4-872F-4E8D-B4C5-5BEF679F9DA0}.Release|Any CPU.ActiveCfg = Release|Any CPU
		{0A9719D4-872F-4E8D-B4C5-5BEF679F9DA0}.Release|Any CPU.Build.0 = Release|Any CPU
		{5514B47C-F062-4E43-BF08-24A03D482026}.Debug|Any CPU.ActiveCfg = Debug|Any CPU
		{5514B47C-F062-4E43-BF08-24A03D482026}.Debug|Any CPU.Build.0 = Debug|Any CPU
		{5514B47C-F062-4E43-BF08-24A03D482026}.Release|Any CPU.ActiveCfg = Release|Any CPU
		{5514B47C-F062-4E43-BF08-24A03D482026}.Release|Any CPU.Build.0 = Release|Any CPU
		{7B9F52C7-2E5D-41B2-81FE-EC368BFFF3DD}.Debug|Any CPU.ActiveCfg = Debug|Any CPU
		{7B9F52C7-2E5D-41B2-81FE-EC368BFFF3DD}.Debug|Any CPU.Build.0 = Debug|Any CPU
		{7B9F52C7-2E5D-41B2-81FE-EC368BFFF3DD}.Release|Any CPU.ActiveCfg = Release|Any CPU
		{7B9F52C7-2E5D-41B2-81FE-EC368BFFF3DD}.Release|Any CPU.Build.0 = Release|Any CPU
		{E8AC6599-6A46-4E44-97D0-2DE4B23EE8D5}.Debug|Any CPU.ActiveCfg = Debug|Any CPU
		{E8AC6599-6A46-4E44-97D0-2DE4B23EE8D5}.Debug|Any CPU.Build.0 = Debug|Any CPU
		{E8AC6599-6A46-4E44-97D0-2DE4B23EE8D5}.Release|Any CPU.ActiveCfg = Release|Any CPU
		{E8AC6599-6A46-4E44-97D0-2DE4B23EE8D5}.Release|Any CPU.Build.0 = Release|Any CPU
		{5E40B86A-3688-4563-BE2C-FD8BA1E2B283}.Debug|Any CPU.ActiveCfg = Debug|Any CPU
		{5E40B86A-3688-4563-BE2C-FD8BA1E2B283}.Debug|Any CPU.Build.0 = Debug|Any CPU
		{5E40B86A-3688-4563-BE2C-FD8BA1E2B283}.Release|Any CPU.ActiveCfg = Release|Any CPU
		{5E40B86A-3688-4563-BE2C-FD8BA1E2B283}.Release|Any CPU.Build.0 = Release|Any CPU
		{69ECBB55-96B3-4B31-B67B-F8EF14534BB6}.Debug|Any CPU.ActiveCfg = Debug|Any CPU
		{69ECBB55-96B3-4B31-B67B-F8EF14534BB6}.Debug|Any CPU.Build.0 = Debug|Any CPU
		{69ECBB55-96B3-4B31-B67B-F8EF14534BB6}.Release|Any CPU.ActiveCfg = Release|Any CPU
		{69ECBB55-96B3-4B31-B67B-F8EF14534BB6}.Release|Any CPU.Build.0 = Release|Any CPU
		{9E8573A8-B5DA-49A5-A10A-7EFF1DEC7050}.Debug|Any CPU.ActiveCfg = Debug|Any CPU
		{9E8573A8-B5DA-49A5-A10A-7EFF1DEC7050}.Debug|Any CPU.Build.0 = Debug|Any CPU
		{9E8573A8-B5DA-49A5-A10A-7EFF1DEC7050}.Release|Any CPU.ActiveCfg = Release|Any CPU
		{9E8573A8-B5DA-49A5-A10A-7EFF1DEC7050}.Release|Any CPU.Build.0 = Release|Any CPU
		{4CEED6AA-C333-4F79-9F84-6E22A2F50CF5}.Debug|Any CPU.ActiveCfg = Debug|Any CPU
		{4CEED6AA-C333-4F79-9F84-6E22A2F50CF5}.Debug|Any CPU.Build.0 = Debug|Any CPU
		{4CEED6AA-C333-4F79-9F84-6E22A2F50CF5}.Release|Any CPU.ActiveCfg = Release|Any CPU
		{4CEED6AA-C333-4F79-9F84-6E22A2F50CF5}.Release|Any CPU.Build.0 = Release|Any CPU
		{184E1331-62E3-4238-906F-141C00C482AE}.Debug|Any CPU.ActiveCfg = Debug|Any CPU
		{184E1331-62E3-4238-906F-141C00C482AE}.Debug|Any CPU.Build.0 = Debug|Any CPU
		{184E1331-62E3-4238-906F-141C00C482AE}.Release|Any CPU.ActiveCfg = Release|Any CPU
		{184E1331-62E3-4238-906F-141C00C482AE}.Release|Any CPU.Build.0 = Release|Any CPU
		{BB259675-C286-4D24-AF35-0F03871C32F0}.Debug|Any CPU.ActiveCfg = Debug|Any CPU
		{BB259675-C286-4D24-AF35-0F03871C32F0}.Debug|Any CPU.Build.0 = Debug|Any CPU
		{BB259675-C286-4D24-AF35-0F03871C32F0}.Release|Any CPU.ActiveCfg = Release|Any CPU
		{BB259675-C286-4D24-AF35-0F03871C32F0}.Release|Any CPU.Build.0 = Release|Any CPU
		{95060A50-8F2B-4E2F-8646-A45A1093C81F}.Debug|Any CPU.ActiveCfg = Debug|Any CPU
		{95060A50-8F2B-4E2F-8646-A45A1093C81F}.Debug|Any CPU.Build.0 = Debug|Any CPU
		{95060A50-8F2B-4E2F-8646-A45A1093C81F}.Release|Any CPU.ActiveCfg = Release|Any CPU
		{95060A50-8F2B-4E2F-8646-A45A1093C81F}.Release|Any CPU.Build.0 = Release|Any CPU
		{0FAE7E18-4014-444B-8172-60E51760C1C4}.Debug|Any CPU.ActiveCfg = Debug|Any CPU
		{0FAE7E18-4014-444B-8172-60E51760C1C4}.Debug|Any CPU.Build.0 = Debug|Any CPU
		{0FAE7E18-4014-444B-8172-60E51760C1C4}.Release|Any CPU.ActiveCfg = Release|Any CPU
		{0FAE7E18-4014-444B-8172-60E51760C1C4}.Release|Any CPU.Build.0 = Release|Any CPU
		{5555911E-386C-4CBC-A536-41721AAEE4DB}.Debug|Any CPU.ActiveCfg = Debug|Any CPU
		{5555911E-386C-4CBC-A536-41721AAEE4DB}.Debug|Any CPU.Build.0 = Debug|Any CPU
		{5555911E-386C-4CBC-A536-41721AAEE4DB}.Release|Any CPU.ActiveCfg = Release|Any CPU
		{5555911E-386C-4CBC-A536-41721AAEE4DB}.Release|Any CPU.Build.0 = Release|Any CPU
		{DA011413-75BC-4C10-AB71-4DC0F7DF7323}.Debug|Any CPU.ActiveCfg = Debug|Any CPU
		{DA011413-75BC-4C10-AB71-4DC0F7DF7323}.Debug|Any CPU.Build.0 = Debug|Any CPU
		{DA011413-75BC-4C10-AB71-4DC0F7DF7323}.Release|Any CPU.ActiveCfg = Release|Any CPU
		{DA011413-75BC-4C10-AB71-4DC0F7DF7323}.Release|Any CPU.Build.0 = Release|Any CPU
		{FBCEDB9A-29AE-4595-9951-66D43499EB10}.Debug|Any CPU.ActiveCfg = Debug|Any CPU
		{FBCEDB9A-29AE-4595-9951-66D43499EB10}.Debug|Any CPU.Build.0 = Debug|Any CPU
		{FBCEDB9A-29AE-4595-9951-66D43499EB10}.Release|Any CPU.ActiveCfg = Release|Any CPU
		{FBCEDB9A-29AE-4595-9951-66D43499EB10}.Release|Any CPU.Build.0 = Release|Any CPU
		{65CDB9BE-B4C7-4FE2-88F4-469514508FB4}.Debug|Any CPU.ActiveCfg = Debug|Any CPU
		{65CDB9BE-B4C7-4FE2-88F4-469514508FB4}.Debug|Any CPU.Build.0 = Debug|Any CPU
		{65CDB9BE-B4C7-4FE2-88F4-469514508FB4}.Release|Any CPU.ActiveCfg = Release|Any CPU
		{65CDB9BE-B4C7-4FE2-88F4-469514508FB4}.Release|Any CPU.Build.0 = Release|Any CPU
		{6EDF3C9D-574F-4841-BC4C-42A705E2A797}.Debug|Any CPU.ActiveCfg = Debug|Any CPU
		{6EDF3C9D-574F-4841-BC4C-42A705E2A797}.Debug|Any CPU.Build.0 = Debug|Any CPU
		{6EDF3C9D-574F-4841-BC4C-42A705E2A797}.Release|Any CPU.ActiveCfg = Release|Any CPU
		{6EDF3C9D-574F-4841-BC4C-42A705E2A797}.Release|Any CPU.Build.0 = Release|Any CPU
		{BBE6E867-53FE-4947-B1E4-801926421B28}.Debug|Any CPU.ActiveCfg = Debug|Any CPU
		{BBE6E867-53FE-4947-B1E4-801926421B28}.Debug|Any CPU.Build.0 = Debug|Any CPU
		{BBE6E867-53FE-4947-B1E4-801926421B28}.Release|Any CPU.ActiveCfg = Release|Any CPU
		{BBE6E867-53FE-4947-B1E4-801926421B28}.Release|Any CPU.Build.0 = Release|Any CPU
		{E3276869-C2EC-499E-BFF2-79D8F60F6738}.Debug|Any CPU.ActiveCfg = Debug|Any CPU
		{E3276869-C2EC-499E-BFF2-79D8F60F6738}.Debug|Any CPU.Build.0 = Debug|Any CPU
		{E3276869-C2EC-499E-BFF2-79D8F60F6738}.Release|Any CPU.ActiveCfg = Release|Any CPU
		{E3276869-C2EC-499E-BFF2-79D8F60F6738}.Release|Any CPU.Build.0 = Release|Any CPU
		{65F386E6-7C6F-4D8C-A3FD-0462D6AB93AB}.Debug|Any CPU.ActiveCfg = Debug|Any CPU
		{65F386E6-7C6F-4D8C-A3FD-0462D6AB93AB}.Debug|Any CPU.Build.0 = Debug|Any CPU
		{65F386E6-7C6F-4D8C-A3FD-0462D6AB93AB}.Release|Any CPU.ActiveCfg = Release|Any CPU
		{65F386E6-7C6F-4D8C-A3FD-0462D6AB93AB}.Release|Any CPU.Build.0 = Release|Any CPU
		{97266279-587E-459C-8812-769CD1E8FFAC}.Debug|Any CPU.ActiveCfg = Debug|Any CPU
		{97266279-587E-459C-8812-769CD1E8FFAC}.Debug|Any CPU.Build.0 = Debug|Any CPU
		{97266279-587E-459C-8812-769CD1E8FFAC}.Release|Any CPU.ActiveCfg = Release|Any CPU
		{97266279-587E-459C-8812-769CD1E8FFAC}.Release|Any CPU.Build.0 = Release|Any CPU
		{C4B7A8F4-CF90-4850-AED8-D9A188EFA282}.Debug|Any CPU.ActiveCfg = Debug|Any CPU
		{C4B7A8F4-CF90-4850-AED8-D9A188EFA282}.Debug|Any CPU.Build.0 = Debug|Any CPU
		{C4B7A8F4-CF90-4850-AED8-D9A188EFA282}.Release|Any CPU.ActiveCfg = Release|Any CPU
		{C4B7A8F4-CF90-4850-AED8-D9A188EFA282}.Release|Any CPU.Build.0 = Release|Any CPU
		{5BB6F4A9-0B17-4711-8B9D-03362D1C4EC4}.Debug|Any CPU.ActiveCfg = Debug|Any CPU
		{5BB6F4A9-0B17-4711-8B9D-03362D1C4EC4}.Debug|Any CPU.Build.0 = Debug|Any CPU
		{5BB6F4A9-0B17-4711-8B9D-03362D1C4EC4}.Release|Any CPU.ActiveCfg = Release|Any CPU
		{5BB6F4A9-0B17-4711-8B9D-03362D1C4EC4}.Release|Any CPU.Build.0 = Release|Any CPU
		{F25B08B1-8C07-4671-A6A9-10D72790B3BA}.Debug|Any CPU.ActiveCfg = Debug|Any CPU
		{F25B08B1-8C07-4671-A6A9-10D72790B3BA}.Debug|Any CPU.Build.0 = Debug|Any CPU
		{F25B08B1-8C07-4671-A6A9-10D72790B3BA}.Release|Any CPU.ActiveCfg = Release|Any CPU
		{F25B08B1-8C07-4671-A6A9-10D72790B3BA}.Release|Any CPU.Build.0 = Release|Any CPU
		{B206DEC1-7C61-4B3C-B64A-C54412D6B13E}.Debug|Any CPU.ActiveCfg = Debug|Any CPU
		{B206DEC1-7C61-4B3C-B64A-C54412D6B13E}.Debug|Any CPU.Build.0 = Debug|Any CPU
		{B206DEC1-7C61-4B3C-B64A-C54412D6B13E}.Release|Any CPU.ActiveCfg = Release|Any CPU
		{B206DEC1-7C61-4B3C-B64A-C54412D6B13E}.Release|Any CPU.Build.0 = Release|Any CPU
		{119759F6-AF9A-42B1-838E-15C8D51019D4}.Debug|Any CPU.ActiveCfg = Debug|Any CPU
		{119759F6-AF9A-42B1-838E-15C8D51019D4}.Debug|Any CPU.Build.0 = Debug|Any CPU
		{119759F6-AF9A-42B1-838E-15C8D51019D4}.Release|Any CPU.ActiveCfg = Release|Any CPU
		{119759F6-AF9A-42B1-838E-15C8D51019D4}.Release|Any CPU.Build.0 = Release|Any CPU
		{738E197E-3924-42C4-99A2-478567154DF7}.Debug|Any CPU.ActiveCfg = Debug|Any CPU
		{738E197E-3924-42C4-99A2-478567154DF7}.Debug|Any CPU.Build.0 = Debug|Any CPU
		{738E197E-3924-42C4-99A2-478567154DF7}.Release|Any CPU.ActiveCfg = Release|Any CPU
		{738E197E-3924-42C4-99A2-478567154DF7}.Release|Any CPU.Build.0 = Release|Any CPU
		{93C74DB2-C1D8-420A-ACF0-FDACE1056019}.Debug|Any CPU.ActiveCfg = Debug|Any CPU
		{93C74DB2-C1D8-420A-ACF0-FDACE1056019}.Debug|Any CPU.Build.0 = Debug|Any CPU
		{93C74DB2-C1D8-420A-ACF0-FDACE1056019}.Release|Any CPU.ActiveCfg = Release|Any CPU
		{93C74DB2-C1D8-420A-ACF0-FDACE1056019}.Release|Any CPU.Build.0 = Release|Any CPU
		{1FF218D0-B396-4F32-97A9-63E5190F7584}.Debug|Any CPU.ActiveCfg = Debug|Any CPU
		{1FF218D0-B396-4F32-97A9-63E5190F7584}.Debug|Any CPU.Build.0 = Debug|Any CPU
		{1FF218D0-B396-4F32-97A9-63E5190F7584}.Release|Any CPU.ActiveCfg = Release|Any CPU
		{1FF218D0-B396-4F32-97A9-63E5190F7584}.Release|Any CPU.Build.0 = Release|Any CPU
		{30675FB5-A511-4F91-90EC-B41A450A1234}.Debug|Any CPU.ActiveCfg = Debug|Any CPU
		{30675FB5-A511-4F91-90EC-B41A450A1234}.Debug|Any CPU.Build.0 = Debug|Any CPU
		{30675FB5-A511-4F91-90EC-B41A450A1234}.Release|Any CPU.ActiveCfg = Release|Any CPU
		{30675FB5-A511-4F91-90EC-B41A450A1234}.Release|Any CPU.Build.0 = Release|Any CPU
		{AF208264-1668-49E6-A899-1CB1AFB2EB6B}.Debug|Any CPU.ActiveCfg = Debug|Any CPU
		{AF208264-1668-49E6-A899-1CB1AFB2EB6B}.Debug|Any CPU.Build.0 = Debug|Any CPU
		{AF208264-1668-49E6-A899-1CB1AFB2EB6B}.Release|Any CPU.ActiveCfg = Release|Any CPU
		{AF208264-1668-49E6-A899-1CB1AFB2EB6B}.Release|Any CPU.Build.0 = Release|Any CPU
		{A38D3F7E-1724-40B8-BEF5-D04FB59E4168}.Debug|Any CPU.ActiveCfg = Debug|Any CPU
		{A38D3F7E-1724-40B8-BEF5-D04FB59E4168}.Debug|Any CPU.Build.0 = Debug|Any CPU
		{A38D3F7E-1724-40B8-BEF5-D04FB59E4168}.Release|Any CPU.ActiveCfg = Release|Any CPU
		{A38D3F7E-1724-40B8-BEF5-D04FB59E4168}.Release|Any CPU.Build.0 = Release|Any CPU
		{93A4E8FF-AC7C-4CA8-BD71-64CC4EB35CEF}.Debug|Any CPU.ActiveCfg = Debug|Any CPU
		{93A4E8FF-AC7C-4CA8-BD71-64CC4EB35CEF}.Debug|Any CPU.Build.0 = Debug|Any CPU
		{93A4E8FF-AC7C-4CA8-BD71-64CC4EB35CEF}.Release|Any CPU.ActiveCfg = Release|Any CPU
		{93A4E8FF-AC7C-4CA8-BD71-64CC4EB35CEF}.Release|Any CPU.Build.0 = Release|Any CPU
		{9943EAD3-3F17-421F-92E8-276C6BE4FBE9}.Debug|Any CPU.ActiveCfg = Debug|Any CPU
		{9943EAD3-3F17-421F-92E8-276C6BE4FBE9}.Debug|Any CPU.Build.0 = Debug|Any CPU
		{9943EAD3-3F17-421F-92E8-276C6BE4FBE9}.Release|Any CPU.ActiveCfg = Release|Any CPU
		{9943EAD3-3F17-421F-92E8-276C6BE4FBE9}.Release|Any CPU.Build.0 = Release|Any CPU
		{C432CD5E-B4CE-4B5A-9105-95DF638AEA67}.Debug|Any CPU.ActiveCfg = Debug|Any CPU
		{C432CD5E-B4CE-4B5A-9105-95DF638AEA67}.Debug|Any CPU.Build.0 = Debug|Any CPU
		{C432CD5E-B4CE-4B5A-9105-95DF638AEA67}.Release|Any CPU.ActiveCfg = Release|Any CPU
		{C432CD5E-B4CE-4B5A-9105-95DF638AEA67}.Release|Any CPU.Build.0 = Release|Any CPU
	EndGlobalSection
	GlobalSection(SolutionProperties) = preSolution
		HideSolutionNode = FALSE
	EndGlobalSection
	GlobalSection(NestedProjects) = preSolution
		{0052670A-6DD3-4CED-81FD-3414BB992E9A} = {10EB8558-6077-4BD4-8F96-24DDC4268B16}
		{98BAD84D-B57C-49B4-A0DD-1B75D40DD2A4} = {10EB8558-6077-4BD4-8F96-24DDC4268B16}
		{B7A9E1C3-D98D-47BC-8E3C-8E37C4E0B365} = {10EB8558-6077-4BD4-8F96-24DDC4268B16}
		{14D0696E-9F26-4B09-B7A5-7FBA2937D8B8} = {10EB8558-6077-4BD4-8F96-24DDC4268B16}
		{F507B880-F63A-4DD5-A36C-050792B4BE5B} = {11C1A25B-4339-4D82-9A3A-2C1F89902A74}
		{5ED9C7B6-E3F6-44A6-85CC-DFC7FE71E3B2} = {11C1A25B-4339-4D82-9A3A-2C1F89902A74}
		{3C0EAE18-9909-4DC3-AE99-AC58D52DE944} = {11C1A25B-4339-4D82-9A3A-2C1F89902A74}
		{5E0F837D-F5EE-409D-9D4E-425C25AA5390} = {11C1A25B-4339-4D82-9A3A-2C1F89902A74}
		{8066E358-FB35-4164-A247-709A01D55A69} = {11C1A25B-4339-4D82-9A3A-2C1F89902A74}
		{7B9E13FB-6529-486C-8CB7-B1BC359CD914} = {11C1A25B-4339-4D82-9A3A-2C1F89902A74}
		{D651677E-C0E3-4C33-91AD-752A2FBBC0EB} = {11C1A25B-4339-4D82-9A3A-2C1F89902A74}
		{89768E7A-94F5-4294-94CD-62B52C2C9BB6} = {11C1A25B-4339-4D82-9A3A-2C1F89902A74}
		{EF1DDD83-AB57-4D8F-8C51-CF038D08F577} = {11C1A25B-4339-4D82-9A3A-2C1F89902A74}
		{7CE4401F-C952-4A9C-A5D8-EEE674D20728} = {11C1A25B-4339-4D82-9A3A-2C1F89902A74}
		{F16487AB-8B37-4BC0-AC3E-E993B3256226} = {11C1A25B-4339-4D82-9A3A-2C1F89902A74}
		{767221FE-B6A7-4CC0-8105-4F36DD73C3D3} = {11C1A25B-4339-4D82-9A3A-2C1F89902A74}
		{3F1230C0-C86F-4F4E-B480-DA40D35FE8AE} = {11C1A25B-4339-4D82-9A3A-2C1F89902A74}
		{F3C823BB-EB55-4D25-99CD-0E4132445BAA} = {11C1A25B-4339-4D82-9A3A-2C1F89902A74}
		{CBD6167D-102A-4E85-9080-910AEBF0ED84} = {0C063FDB-87D5-4C0C-B1B9-512445CAB39A}
		{2790E2FF-E8BA-471A-86BD-BD17F83834A2} = {0C063FDB-87D5-4C0C-B1B9-512445CAB39A}
		{2959A54A-6E25-4365-B624-E68561BB4F96} = {5283A4C7-5235-45D1-9A26-E9925103A0BD}
		{2879F3DE-1A95-41DD-9915-6F9A10B40ECF} = {5283A4C7-5235-45D1-9A26-E9925103A0BD}
		{440B07EF-2A59-4297-93C7-8588BEDF3EE1} = {5283A4C7-5235-45D1-9A26-E9925103A0BD}
		{D4C97E28-D4CC-47FC-94BC-3CC5E0965685} = {5283A4C7-5235-45D1-9A26-E9925103A0BD}
		{2EADBC0B-C081-4177-AFB9-FDCEEF146F72} = {5283A4C7-5235-45D1-9A26-E9925103A0BD}
		{DDB37DB1-961B-4568-ABF4-D3182703C571} = {5283A4C7-5235-45D1-9A26-E9925103A0BD}
		{F0565960-5836-43B3-A4CD-B5D12275802D} = {5283A4C7-5235-45D1-9A26-E9925103A0BD}
		{525FC30F-D1F9-44A9-A6F8-18EC5D4A1E15} = {5283A4C7-5235-45D1-9A26-E9925103A0BD}
		{6633142E-3A6D-42C4-9188-EB3EF4734DC4} = {5283A4C7-5235-45D1-9A26-E9925103A0BD}
		{526C066F-74C0-49D9-B78E-39BD0220BB35} = {5283A4C7-5235-45D1-9A26-E9925103A0BD}
		{56AF48C1-F96D-4DD8-BF3E-0AB0120D3A7C} = {5283A4C7-5235-45D1-9A26-E9925103A0BD}
		{9ED8CD06-EB9A-4F4A-B359-9FF81A2FD564} = {5283A4C7-5235-45D1-9A26-E9925103A0BD}
		{54E2186F-90BF-4988-878D-55EB07008D24} = {5283A4C7-5235-45D1-9A26-E9925103A0BD}
		{2150398E-5064-4F1A-AA8F-3367260C49F4} = {5283A4C7-5235-45D1-9A26-E9925103A0BD}
		{D08CD052-C085-4B40-9EAC-1EA0280F74E7} = {5283A4C7-5235-45D1-9A26-E9925103A0BD}
		{0995BFBB-6C10-442E-B2B3-67C0FB79B3D3} = {5283A4C7-5235-45D1-9A26-E9925103A0BD}
		{50A99B8E-41D9-4A8C-870F-C54C871A6B57} = {70CF2F69-37BA-4335-AF5D-153630364AC3}
		{A1F66E5E-74A2-49E1-8CB5-DD2315802D6C} = {70CF2F69-37BA-4335-AF5D-153630364AC3}
		{2E014848-F22D-4C00-9060-0F4791347CF7} = {70CF2F69-37BA-4335-AF5D-153630364AC3}
		{D4F3260C-AED3-4E42-A193-D85CDC7BBE06} = {70CF2F69-37BA-4335-AF5D-153630364AC3}
		{2D4E57B6-9001-4EC6-81D4-71CC6DE7FA7B} = {70CF2F69-37BA-4335-AF5D-153630364AC3}
		{C96923D2-FED6-4F7E-96BA-A874E83E95C2} = {70CF2F69-37BA-4335-AF5D-153630364AC3}
		{BB6C5325-0C67-4ACA-807B-06806F06EFDF} = {F8451A90-1B06-4DD9-BCB5-D6686F4D324A}
		{96C4D536-E022-411E-B17F-156380A151D8} = {F8451A90-1B06-4DD9-BCB5-D6686F4D324A}
		{99686C07-E2BE-4C22-A093-BEE30E80C6E6} = {F8451A90-1B06-4DD9-BCB5-D6686F4D324A}
		{F6AB6215-364A-4886-98D4-AB101A404BE9} = {F9617DC7-BA75-4509-8767-AB40D1DD53B6}
		{B55E588A-1653-480A-9552-AC56ED41205A} = {F9617DC7-BA75-4509-8767-AB40D1DD53B6}
		{0A9719D4-872F-4E8D-B4C5-5BEF679F9DA0} = {F9617DC7-BA75-4509-8767-AB40D1DD53B6}
		{5514B47C-F062-4E43-BF08-24A03D482026} = {CBE08B51-0574-4083-9196-AB39D2420DB8}
		{7B9F52C7-2E5D-41B2-81FE-EC368BFFF3DD} = {CBE08B51-0574-4083-9196-AB39D2420DB8}
		{E8AC6599-6A46-4E44-97D0-2DE4B23EE8D5} = {CBE08B51-0574-4083-9196-AB39D2420DB8}
		{5E40B86A-3688-4563-BE2C-FD8BA1E2B283} = {CBE08B51-0574-4083-9196-AB39D2420DB8}
		{69ECBB55-96B3-4B31-B67B-F8EF14534BB6} = {CBE08B51-0574-4083-9196-AB39D2420DB8}
		{9E8573A8-B5DA-49A5-A10A-7EFF1DEC7050} = {CBE08B51-0574-4083-9196-AB39D2420DB8}
		{4CEED6AA-C333-4F79-9F84-6E22A2F50CF5} = {4A53A01A-B710-493F-BA1E-8AA1EA6251CB}
		{184E1331-62E3-4238-906F-141C00C482AE} = {4A53A01A-B710-493F-BA1E-8AA1EA6251CB}
		{BB259675-C286-4D24-AF35-0F03871C32F0} = {4A53A01A-B710-493F-BA1E-8AA1EA6251CB}
		{95060A50-8F2B-4E2F-8646-A45A1093C81F} = {4A53A01A-B710-493F-BA1E-8AA1EA6251CB}
		{0FAE7E18-4014-444B-8172-60E51760C1C4} = {4A53A01A-B710-493F-BA1E-8AA1EA6251CB}
		{5555911E-386C-4CBC-A536-41721AAEE4DB} = {4A53A01A-B710-493F-BA1E-8AA1EA6251CB}
		{DA011413-75BC-4C10-AB71-4DC0F7DF7323} = {4A53A01A-B710-493F-BA1E-8AA1EA6251CB}
		{FBCEDB9A-29AE-4595-9951-66D43499EB10} = {4A53A01A-B710-493F-BA1E-8AA1EA6251CB}
		{65CDB9BE-B4C7-4FE2-88F4-469514508FB4} = {4A53A01A-B710-493F-BA1E-8AA1EA6251CB}
		{6EDF3C9D-574F-4841-BC4C-42A705E2A797} = {4A53A01A-B710-493F-BA1E-8AA1EA6251CB}
		{BBE6E867-53FE-4947-B1E4-801926421B28} = {4A53A01A-B710-493F-BA1E-8AA1EA6251CB}
		{E3276869-C2EC-499E-BFF2-79D8F60F6738} = {4A53A01A-B710-493F-BA1E-8AA1EA6251CB}
		{65F386E6-7C6F-4D8C-A3FD-0462D6AB93AB} = {8FB99354-2454-4B57-9441-53564EBD660F}
		{C4B7A8F4-CF90-4850-AED8-D9A188EFA282} = {8FB99354-2454-4B57-9441-53564EBD660F}
		{5BB6F4A9-0B17-4711-8B9D-03362D1C4EC4} = {8FB99354-2454-4B57-9441-53564EBD660F}
		{F25B08B1-8C07-4671-A6A9-10D72790B3BA} = {8FB99354-2454-4B57-9441-53564EBD660F}
		{B206DEC1-7C61-4B3C-B64A-C54412D6B13E} = {8FB99354-2454-4B57-9441-53564EBD660F}
		{119759F6-AF9A-42B1-838E-15C8D51019D4} = {8FB99354-2454-4B57-9441-53564EBD660F}
		{738E197E-3924-42C4-99A2-478567154DF7} = {8FB99354-2454-4B57-9441-53564EBD660F}
		{93C74DB2-C1D8-420A-ACF0-FDACE1056019} = {8FB99354-2454-4B57-9441-53564EBD660F}
		{1FF218D0-B396-4F32-97A9-63E5190F7584} = {8FB99354-2454-4B57-9441-53564EBD660F}
		{30675FB5-A511-4F91-90EC-B41A450A1234} = {8FB99354-2454-4B57-9441-53564EBD660F}
		{AF208264-1668-49E6-A899-1CB1AFB2EB6B} = {8FB99354-2454-4B57-9441-53564EBD660F}
		{A38D3F7E-1724-40B8-BEF5-D04FB59E4168} = {8FB99354-2454-4B57-9441-53564EBD660F}
		{93A4E8FF-AC7C-4CA8-BD71-64CC4EB35CEF} = {8FB99354-2454-4B57-9441-53564EBD660F}
		{9943EAD3-3F17-421F-92E8-276C6BE4FBE9} = {8FB99354-2454-4B57-9441-53564EBD660F}
		{C432CD5E-B4CE-4B5A-9105-95DF638AEA67} = {8FB99354-2454-4B57-9441-53564EBD660F}
		{97266279-587E-459C-8812-769CD1E8FFAC} = {69CD8535-1854-4EFF-96D9-35A4F1E725B1}
	EndGlobalSection
EndGlobal
