
Microsoft Visual Studio Solution File, Format Version 12.00
# Visual Studio 2013
VisualStudioVersion = 12.0.21005.1
MinimumVisualStudioVersion = 10.0.40219.1
Project("{FAE04EC0-301F-11D3-BF4B-00C04F79EFBC}") = "LearnWPF", "LearnWPF\LearnWPF.csproj", "{83B652AD-991A-4D56-A372-65EB94F90FD0}"
EndProject
Project("{FAE04EC0-301F-11D3-BF4B-00C04F79EFBC}") = "ListBoxDemo", "ListBoxDemo\ListBoxDemo.csproj", "{FE0E1896-08AF-4CB5-BBB1-02A84D84F153}"
EndProject
Project("{FAE04EC0-301F-11D3-BF4B-00C04F79EFBC}") = "ListViewDemo", "ListViewDemo\ListViewDemo.csproj", "{6F02F00C-1A95-463D-8D52-9EDFD63505EC}"
EndProject
Project("{FAE04EC0-301F-11D3-BF4B-00C04F79EFBC}") = "TreeViewDemo", "TreeViewDemo\TreeViewDemo.csproj", "{34B47F6D-1E75-4E48-AA1D-1B99999CEA0B}"
EndProject
Project("{2150E333-8FDC-42A3-9474-1A3956D46DE8}") = "Task", "Task", "{10EB8558-6077-4BD4-8F96-24DDC4268B16}"
EndProject
Project("{FAE04EC0-301F-11D3-BF4B-00C04F79EFBC}") = "TaskDemo", "Task\TaskDemo\TaskDemo.csproj", "{0052670A-6DD3-4CED-81FD-3414BB992E9A}"
EndProject
Project("{FAE04EC0-301F-11D3-BF4B-00C04F79EFBC}") = "TaskDemo.HowToUseContinueWith", "Task\TaskDemo.HowToUseContinueWith\TaskDemo.HowToUseContinueWith.csproj", "{98BAD84D-B57C-49B4-A0DD-1B75D40DD2A4}"
EndProject
Project("{FAE04EC0-301F-11D3-BF4B-00C04F79EFBC}") = "ThreadPoolDemo", "Task\ThreadPoolDemo\ThreadPoolDemo.csproj", "{B7A9E1C3-D98D-47BC-8E3C-8E37C4E0B365}"
EndProject
Project("{2150E333-8FDC-42A3-9474-1A3956D46DE8}") = "1.BasicControl", "1.BasicControl", "{11C1A25B-4339-4D82-9A3A-2C1F89902A74}"
EndProject
Project("{FAE04EC0-301F-11D3-BF4B-00C04F79EFBC}") = "TextBlockDemo", "BasicControl\TextBlockDemo\TextBlockDemo.csproj", "{F16487AB-8B37-4BC0-AC3E-E993B3256226}"
EndProject
Project("{FAE04EC0-301F-11D3-BF4B-00C04F79EFBC}") = "TextBlockDemo2", "BasicControl\TextBlockDemo2\TextBlockDemo2.csproj", "{767221FE-B6A7-4CC0-8105-4F36DD73C3D3}"
EndProject
Project("{FAE04EC0-301F-11D3-BF4B-00C04F79EFBC}") = "TextBlockDemo3", "BasicControl\TextBlockDemo3\TextBlockDemo3.csproj", "{3F1230C0-C86F-4F4E-B480-DA40D35FE8AE}"
EndProject
Project("{FAE04EC0-301F-11D3-BF4B-00C04F79EFBC}") = "LabelDemo", "BasicControl\LabelDemo\LabelDemo.csproj", "{5E0F837D-F5EE-409D-9D4E-425C25AA5390}"
EndProject
Project("{FAE04EC0-301F-11D3-BF4B-00C04F79EFBC}") = "LabelDemo2", "BasicControl\LabelDemo2\LabelDemo2.csproj", "{8066E358-FB35-4164-A247-709A01D55A69}"
EndProject
Project("{FAE04EC0-301F-11D3-BF4B-00C04F79EFBC}") = "LabelDemo3", "BasicControl\LabelDemo3\LabelDemo3.csproj", "{7B9E13FB-6529-486C-8CB7-B1BC359CD914}"
EndProject
Project("{FAE04EC0-301F-11D3-BF4B-00C04F79EFBC}") = "TextBoxDemo", "BasicControl\TextBoxDemo\TextBoxDemo.csproj", "{F3C823BB-EB55-4D25-99CD-0E4132445BAA}"
EndProject
Project("{FAE04EC0-301F-11D3-BF4B-00C04F79EFBC}") = "CheckBox", "BasicControl\CheckBox\CheckBox.csproj", "{F507B880-F63A-4DD5-A36C-050792B4BE5B}"
EndProject
Project("{FAE04EC0-301F-11D3-BF4B-00C04F79EFBC}") = "CheckBoxDemo2", "BasicControl\CheckBoxDemo2\CheckBoxDemo2.csproj", "{5ED9C7B6-E3F6-44A6-85CC-DFC7FE71E3B2}"
EndProject
Project("{FAE04EC0-301F-11D3-BF4B-00C04F79EFBC}") = "CheckBoxDemo3", "BasicControl\CheckBoxDemo3\CheckBoxDemo3.csproj", "{3C0EAE18-9909-4DC3-AE99-AC58D52DE944}"
EndProject
Project("{FAE04EC0-301F-11D3-BF4B-00C04F79EFBC}") = "RadioButtonDemo", "BasicControl\RadioButtonDemo\RadioButtonDemo.csproj", "{EF1DDD83-AB57-4D8F-8C51-CF038D08F577}"
EndProject
Project("{FAE04EC0-301F-11D3-BF4B-00C04F79EFBC}") = "RadioButtonDemo2", "RadioButtonDemo2\RadioButtonDemo2.csproj", "{6E9DB9E3-1FC9-4EBE-92D8-7A3E307E344D}"
EndProject
Project("{FAE04EC0-301F-11D3-BF4B-00C04F79EFBC}") = "RadioButtonDemo3", "BasicControl\RadioButtonDemo3\RadioButtonDemo3.csproj", "{7CE4401F-C952-4A9C-A5D8-EEE674D20728}"
EndProject
Project("{FAE04EC0-301F-11D3-BF4B-00C04F79EFBC}") = "PasswordBox", "BasicControl\PasswordBox\PasswordBox.csproj", "{D651677E-C0E3-4C33-91AD-752A2FBBC0EB}"
EndProject
Project("{FAE04EC0-301F-11D3-BF4B-00C04F79EFBC}") = "PasswordControlDemo", "BasicControl\PasswordControlDemo\PasswordControlDemo.csproj", "{89768E7A-94F5-4294-94CD-62B52C2C9BB6}"
EndProject
Project("{2150E333-8FDC-42A3-9474-1A3956D46DE8}") = "2.ControlConcepts", "2.ControlConcepts", "{0C063FDB-87D5-4C0C-B1B9-512445CAB39A}"
EndProject
Project("{FAE04EC0-301F-11D3-BF4B-00C04F79EFBC}") = "TooltipsDemo", "ControlConcepts\TooltipsDemo\TooltipsDemo.csproj", "{CBD6167D-102A-4E85-9080-910AEBF0ED84}"
EndProject
Project("{FAE04EC0-301F-11D3-BF4B-00C04F79EFBC}") = "TextRendering", "ControlConcepts\TextRendering\TextRendering.csproj", "{2790E2FF-E8BA-471A-86BD-BD17F83834A2}"
EndProject
Project("{2150E333-8FDC-42A3-9474-1A3956D46DE8}") = "3.Panels", "3.Panels", "{5283A4C7-5235-45D1-9A26-E9925103A0BD}"
EndProject
Project("{FAE04EC0-301F-11D3-BF4B-00C04F79EFBC}") = "CanvasDemo", "Panels\CanvasDemo\CanvasDemo.csproj", "{2959A54A-6E25-4365-B624-E68561BB4F96}"
EndProject
Project("{FAE04EC0-301F-11D3-BF4B-00C04F79EFBC}") = "WrapPanelDemo", "Panels\WrapPanelDemo\WrapPanelDemo.csproj", "{2879F3DE-1A95-41DD-9915-6F9A10B40ECF}"
EndProject
Project("{FAE04EC0-301F-11D3-BF4B-00C04F79EFBC}") = "CanvasDemo2", "Panels\CanvasDemo2\CanvasDemo2.csproj", "{440B07EF-2A59-4297-93C7-8588BEDF3EE1}"
EndProject
Project("{FAE04EC0-301F-11D3-BF4B-00C04F79EFBC}") = "WrapPanelDemo2", "Panels\WrapPanelDemo2\WrapPanelDemo2.csproj", "{D4C97E28-D4CC-47FC-94BC-3CC5E0965685}"
EndProject
Project("{FAE04EC0-301F-11D3-BF4B-00C04F79EFBC}") = "StackPanelDemo", "Panels\StackPanelDemo\StackPanelDemo.csproj", "{2EADBC0B-C081-4177-AFB9-FDCEEF146F72}"
EndProject
Project("{FAE04EC0-301F-11D3-BF4B-00C04F79EFBC}") = "DockPanelDemo", "Panels\DockPanelDemo\DockPanelDemo.csproj", "{DDB37DB1-961B-4568-ABF4-D3182703C571}"
EndProject
Project("{FAE04EC0-301F-11D3-BF4B-00C04F79EFBC}") = "GridDemo", "Panels\GridDemo\GridDemo.csproj", "{F0565960-5836-43B3-A4CD-B5D12275802D}"
EndProject
Project("{FAE04EC0-301F-11D3-BF4B-00C04F79EFBC}") = "TaskCancellationToken", "Task\TaskCancellationToken\TaskCancellationToken.csproj", "{14D0696E-9F26-4B09-B7A5-7FBA2937D8B8}"
EndProject
Project("{FAE04EC0-301F-11D3-BF4B-00C04F79EFBC}") = "DockPanelDemo2", "Panels\DockPanelDemo2\DockPanelDemo2.csproj", "{525FC30F-D1F9-44A9-A6F8-18EC5D4A1E15}"
EndProject
Project("{FAE04EC0-301F-11D3-BF4B-00C04F79EFBC}") = "GridDemo2", "Panels\GridDemo2\GridDemo2.csproj", "{6633142E-3A6D-42C4-9188-EB3EF4734DC4}"
EndProject
Project("{FAE04EC0-301F-11D3-BF4B-00C04F79EFBC}") = "GridDemo3", "Panels\GridDemo3\GridDemo3.csproj", "{526C066F-74C0-49D9-B78E-39BD0220BB35}"
EndProject
Project("{FAE04EC0-301F-11D3-BF4B-00C04F79EFBC}") = "GridDemo4", "Panels\GridDemo4\GridDemo4.csproj", "{56AF48C1-F96D-4DD8-BF3E-0AB0120D3A7C}"
EndProject
Project("{FAE04EC0-301F-11D3-BF4B-00C04F79EFBC}") = "GridDemo5", "Panels\GridDemo5\GridDemo5.csproj", "{9ED8CD06-EB9A-4F4A-B359-9FF81A2FD564}"
EndProject
Project("{FAE04EC0-301F-11D3-BF4B-00C04F79EFBC}") = "GridDemo6", "Panels\GridDemo6\GridDemo6.csproj", "{54E2186F-90BF-4988-878D-55EB07008D24}"
EndProject
Project("{FAE04EC0-301F-11D3-BF4B-00C04F79EFBC}") = "GridDemo7", "Panels\GridDemo7\GridDemo7.csproj", "{2150398E-5064-4F1A-AA8F-3367260C49F4}"
EndProject
Project("{FAE04EC0-301F-11D3-BF4B-00C04F79EFBC}") = "GridDemo8", "Panels\GridDemo8\GridDemo8.csproj", "{D08CD052-C085-4B40-9EAC-1EA0280F74E7}"
EndProject
Project("{FAE04EC0-301F-11D3-BF4B-00C04F79EFBC}") = "GridDemo9", "Panels\GridDemo9\GridDemo9.csproj", "{0995BFBB-6C10-442E-B2B3-67C0FB79B3D3}"
EndProject
Project("{2150E333-8FDC-42A3-9474-1A3956D46DE8}") = "4.DataBinding", "4.DataBinding", "{70CF2F69-37BA-4335-AF5D-153630364AC3}"
EndProject
Project("{FAE04EC0-301F-11D3-BF4B-00C04F79EFBC}") = "ElementBindingDemo", "DataBinding\ElementBindingDemo\ElementBindingDemo.csproj", "{50A99B8E-41D9-4A8C-870F-C54C871A6B57}"
EndProject
Project("{FAE04EC0-301F-11D3-BF4B-00C04F79EFBC}") = "ElementBindingDemo2", "DataBinding\ElementBindingDemo2\ElementBindingDemo2.csproj", "{A1F66E5E-74A2-49E1-8CB5-DD2315802D6C}"
EndProject
Project("{FAE04EC0-301F-11D3-BF4B-00C04F79EFBC}") = "ElementBindingDemo3", "DataBinding\ElementBindingDemo3\ElementBindingDemo3.csproj", "{2E014848-F22D-4C00-9060-0F4791347CF7}"
EndProject
Global
	GlobalSection(SolutionConfigurationPlatforms) = preSolution
		Debug|Any CPU = Debug|Any CPU
		Release|Any CPU = Release|Any CPU
	EndGlobalSection
	GlobalSection(ProjectConfigurationPlatforms) = postSolution
		{83B652AD-991A-4D56-A372-65EB94F90FD0}.Debug|Any CPU.ActiveCfg = Debug|Any CPU
		{83B652AD-991A-4D56-A372-65EB94F90FD0}.Debug|Any CPU.Build.0 = Debug|Any CPU
		{83B652AD-991A-4D56-A372-65EB94F90FD0}.Release|Any CPU.ActiveCfg = Release|Any CPU
		{83B652AD-991A-4D56-A372-65EB94F90FD0}.Release|Any CPU.Build.0 = Release|Any CPU
		{FE0E1896-08AF-4CB5-BBB1-02A84D84F153}.Debug|Any CPU.ActiveCfg = Debug|Any CPU
		{FE0E1896-08AF-4CB5-BBB1-02A84D84F153}.Debug|Any CPU.Build.0 = Debug|Any CPU
		{FE0E1896-08AF-4CB5-BBB1-02A84D84F153}.Release|Any CPU.ActiveCfg = Release|Any CPU
		{FE0E1896-08AF-4CB5-BBB1-02A84D84F153}.Release|Any CPU.Build.0 = Release|Any CPU
		{6F02F00C-1A95-463D-8D52-9EDFD63505EC}.Debug|Any CPU.ActiveCfg = Debug|Any CPU
		{6F02F00C-1A95-463D-8D52-9EDFD63505EC}.Debug|Any CPU.Build.0 = Debug|Any CPU
		{6F02F00C-1A95-463D-8D52-9EDFD63505EC}.Release|Any CPU.ActiveCfg = Release|Any CPU
		{6F02F00C-1A95-463D-8D52-9EDFD63505EC}.Release|Any CPU.Build.0 = Release|Any CPU
		{34B47F6D-1E75-4E48-AA1D-1B99999CEA0B}.Debug|Any CPU.ActiveCfg = Debug|Any CPU
		{34B47F6D-1E75-4E48-AA1D-1B99999CEA0B}.Debug|Any CPU.Build.0 = Debug|Any CPU
		{34B47F6D-1E75-4E48-AA1D-1B99999CEA0B}.Release|Any CPU.ActiveCfg = Release|Any CPU
		{34B47F6D-1E75-4E48-AA1D-1B99999CEA0B}.Release|Any CPU.Build.0 = Release|Any CPU
		{0052670A-6DD3-4CED-81FD-3414BB992E9A}.Debug|Any CPU.ActiveCfg = Debug|Any CPU
		{0052670A-6DD3-4CED-81FD-3414BB992E9A}.Debug|Any CPU.Build.0 = Debug|Any CPU
		{0052670A-6DD3-4CED-81FD-3414BB992E9A}.Release|Any CPU.ActiveCfg = Release|Any CPU
		{0052670A-6DD3-4CED-81FD-3414BB992E9A}.Release|Any CPU.Build.0 = Release|Any CPU
		{98BAD84D-B57C-49B4-A0DD-1B75D40DD2A4}.Debug|Any CPU.ActiveCfg = Debug|Any CPU
		{98BAD84D-B57C-49B4-A0DD-1B75D40DD2A4}.Debug|Any CPU.Build.0 = Debug|Any CPU
		{98BAD84D-B57C-49B4-A0DD-1B75D40DD2A4}.Release|Any CPU.ActiveCfg = Release|Any CPU
		{98BAD84D-B57C-49B4-A0DD-1B75D40DD2A4}.Release|Any CPU.Build.0 = Release|Any CPU
		{B7A9E1C3-D98D-47BC-8E3C-8E37C4E0B365}.Debug|Any CPU.ActiveCfg = Debug|Any CPU
		{B7A9E1C3-D98D-47BC-8E3C-8E37C4E0B365}.Debug|Any CPU.Build.0 = Debug|Any CPU
		{B7A9E1C3-D98D-47BC-8E3C-8E37C4E0B365}.Release|Any CPU.ActiveCfg = Release|Any CPU
		{B7A9E1C3-D98D-47BC-8E3C-8E37C4E0B365}.Release|Any CPU.Build.0 = Release|Any CPU
		{F16487AB-8B37-4BC0-AC3E-E993B3256226}.Debug|Any CPU.ActiveCfg = Debug|Any CPU
		{F16487AB-8B37-4BC0-AC3E-E993B3256226}.Debug|Any CPU.Build.0 = Debug|Any CPU
		{F16487AB-8B37-4BC0-AC3E-E993B3256226}.Release|Any CPU.ActiveCfg = Release|Any CPU
		{F16487AB-8B37-4BC0-AC3E-E993B3256226}.Release|Any CPU.Build.0 = Release|Any CPU
		{767221FE-B6A7-4CC0-8105-4F36DD73C3D3}.Debug|Any CPU.ActiveCfg = Debug|Any CPU
		{767221FE-B6A7-4CC0-8105-4F36DD73C3D3}.Debug|Any CPU.Build.0 = Debug|Any CPU
		{767221FE-B6A7-4CC0-8105-4F36DD73C3D3}.Release|Any CPU.ActiveCfg = Release|Any CPU
		{767221FE-B6A7-4CC0-8105-4F36DD73C3D3}.Release|Any CPU.Build.0 = Release|Any CPU
		{3F1230C0-C86F-4F4E-B480-DA40D35FE8AE}.Debug|Any CPU.ActiveCfg = Debug|Any CPU
		{3F1230C0-C86F-4F4E-B480-DA40D35FE8AE}.Debug|Any CPU.Build.0 = Debug|Any CPU
		{3F1230C0-C86F-4F4E-B480-DA40D35FE8AE}.Release|Any CPU.ActiveCfg = Release|Any CPU
		{3F1230C0-C86F-4F4E-B480-DA40D35FE8AE}.Release|Any CPU.Build.0 = Release|Any CPU
		{5E0F837D-F5EE-409D-9D4E-425C25AA5390}.Debug|Any CPU.ActiveCfg = Debug|Any CPU
		{5E0F837D-F5EE-409D-9D4E-425C25AA5390}.Debug|Any CPU.Build.0 = Debug|Any CPU
		{5E0F837D-F5EE-409D-9D4E-425C25AA5390}.Release|Any CPU.ActiveCfg = Release|Any CPU
		{5E0F837D-F5EE-409D-9D4E-425C25AA5390}.Release|Any CPU.Build.0 = Release|Any CPU
		{8066E358-FB35-4164-A247-709A01D55A69}.Debug|Any CPU.ActiveCfg = Debug|Any CPU
		{8066E358-FB35-4164-A247-709A01D55A69}.Debug|Any CPU.Build.0 = Debug|Any CPU
		{8066E358-FB35-4164-A247-709A01D55A69}.Release|Any CPU.ActiveCfg = Release|Any CPU
		{8066E358-FB35-4164-A247-709A01D55A69}.Release|Any CPU.Build.0 = Release|Any CPU
		{7B9E13FB-6529-486C-8CB7-B1BC359CD914}.Debug|Any CPU.ActiveCfg = Debug|Any CPU
		{7B9E13FB-6529-486C-8CB7-B1BC359CD914}.Debug|Any CPU.Build.0 = Debug|Any CPU
		{7B9E13FB-6529-486C-8CB7-B1BC359CD914}.Release|Any CPU.ActiveCfg = Release|Any CPU
		{7B9E13FB-6529-486C-8CB7-B1BC359CD914}.Release|Any CPU.Build.0 = Release|Any CPU
		{F3C823BB-EB55-4D25-99CD-0E4132445BAA}.Debug|Any CPU.ActiveCfg = Debug|Any CPU
		{F3C823BB-EB55-4D25-99CD-0E4132445BAA}.Debug|Any CPU.Build.0 = Debug|Any CPU
		{F3C823BB-EB55-4D25-99CD-0E4132445BAA}.Release|Any CPU.ActiveCfg = Release|Any CPU
		{F3C823BB-EB55-4D25-99CD-0E4132445BAA}.Release|Any CPU.Build.0 = Release|Any CPU
		{F507B880-F63A-4DD5-A36C-050792B4BE5B}.Debug|Any CPU.ActiveCfg = Debug|Any CPU
		{F507B880-F63A-4DD5-A36C-050792B4BE5B}.Debug|Any CPU.Build.0 = Debug|Any CPU
		{F507B880-F63A-4DD5-A36C-050792B4BE5B}.Release|Any CPU.ActiveCfg = Release|Any CPU
		{F507B880-F63A-4DD5-A36C-050792B4BE5B}.Release|Any CPU.Build.0 = Release|Any CPU
		{5ED9C7B6-E3F6-44A6-85CC-DFC7FE71E3B2}.Debug|Any CPU.ActiveCfg = Debug|Any CPU
		{5ED9C7B6-E3F6-44A6-85CC-DFC7FE71E3B2}.Debug|Any CPU.Build.0 = Debug|Any CPU
		{5ED9C7B6-E3F6-44A6-85CC-DFC7FE71E3B2}.Release|Any CPU.ActiveCfg = Release|Any CPU
		{5ED9C7B6-E3F6-44A6-85CC-DFC7FE71E3B2}.Release|Any CPU.Build.0 = Release|Any CPU
		{3C0EAE18-9909-4DC3-AE99-AC58D52DE944}.Debug|Any CPU.ActiveCfg = Debug|Any CPU
		{3C0EAE18-9909-4DC3-AE99-AC58D52DE944}.Debug|Any CPU.Build.0 = Debug|Any CPU
		{3C0EAE18-9909-4DC3-AE99-AC58D52DE944}.Release|Any CPU.ActiveCfg = Release|Any CPU
		{3C0EAE18-9909-4DC3-AE99-AC58D52DE944}.Release|Any CPU.Build.0 = Release|Any CPU
		{EF1DDD83-AB57-4D8F-8C51-CF038D08F577}.Debug|Any CPU.ActiveCfg = Debug|Any CPU
		{EF1DDD83-AB57-4D8F-8C51-CF038D08F577}.Debug|Any CPU.Build.0 = Debug|Any CPU
		{EF1DDD83-AB57-4D8F-8C51-CF038D08F577}.Release|Any CPU.ActiveCfg = Release|Any CPU
		{EF1DDD83-AB57-4D8F-8C51-CF038D08F577}.Release|Any CPU.Build.0 = Release|Any CPU
		{6E9DB9E3-1FC9-4EBE-92D8-7A3E307E344D}.Debug|Any CPU.ActiveCfg = Debug|Any CPU
		{6E9DB9E3-1FC9-4EBE-92D8-7A3E307E344D}.Debug|Any CPU.Build.0 = Debug|Any CPU
		{6E9DB9E3-1FC9-4EBE-92D8-7A3E307E344D}.Release|Any CPU.ActiveCfg = Release|Any CPU
		{6E9DB9E3-1FC9-4EBE-92D8-7A3E307E344D}.Release|Any CPU.Build.0 = Release|Any CPU
		{7CE4401F-C952-4A9C-A5D8-EEE674D20728}.Debug|Any CPU.ActiveCfg = Debug|Any CPU
		{7CE4401F-C952-4A9C-A5D8-EEE674D20728}.Debug|Any CPU.Build.0 = Debug|Any CPU
		{7CE4401F-C952-4A9C-A5D8-EEE674D20728}.Release|Any CPU.ActiveCfg = Release|Any CPU
		{7CE4401F-C952-4A9C-A5D8-EEE674D20728}.Release|Any CPU.Build.0 = Release|Any CPU
		{D651677E-C0E3-4C33-91AD-752A2FBBC0EB}.Debug|Any CPU.ActiveCfg = Debug|Any CPU
		{D651677E-C0E3-4C33-91AD-752A2FBBC0EB}.Debug|Any CPU.Build.0 = Debug|Any CPU
		{D651677E-C0E3-4C33-91AD-752A2FBBC0EB}.Release|Any CPU.ActiveCfg = Release|Any CPU
		{D651677E-C0E3-4C33-91AD-752A2FBBC0EB}.Release|Any CPU.Build.0 = Release|Any CPU
		{89768E7A-94F5-4294-94CD-62B52C2C9BB6}.Debug|Any CPU.ActiveCfg = Debug|Any CPU
		{89768E7A-94F5-4294-94CD-62B52C2C9BB6}.Debug|Any CPU.Build.0 = Debug|Any CPU
		{89768E7A-94F5-4294-94CD-62B52C2C9BB6}.Release|Any CPU.ActiveCfg = Release|Any CPU
		{89768E7A-94F5-4294-94CD-62B52C2C9BB6}.Release|Any CPU.Build.0 = Release|Any CPU
		{CBD6167D-102A-4E85-9080-910AEBF0ED84}.Debug|Any CPU.ActiveCfg = Debug|Any CPU
		{CBD6167D-102A-4E85-9080-910AEBF0ED84}.Debug|Any CPU.Build.0 = Debug|Any CPU
		{CBD6167D-102A-4E85-9080-910AEBF0ED84}.Release|Any CPU.ActiveCfg = Release|Any CPU
		{CBD6167D-102A-4E85-9080-910AEBF0ED84}.Release|Any CPU.Build.0 = Release|Any CPU
		{2790E2FF-E8BA-471A-86BD-BD17F83834A2}.Debug|Any CPU.ActiveCfg = Debug|Any CPU
		{2790E2FF-E8BA-471A-86BD-BD17F83834A2}.Debug|Any CPU.Build.0 = Debug|Any CPU
		{2790E2FF-E8BA-471A-86BD-BD17F83834A2}.Release|Any CPU.ActiveCfg = Release|Any CPU
		{2790E2FF-E8BA-471A-86BD-BD17F83834A2}.Release|Any CPU.Build.0 = Release|Any CPU
		{2959A54A-6E25-4365-B624-E68561BB4F96}.Debug|Any CPU.ActiveCfg = Debug|Any CPU
		{2959A54A-6E25-4365-B624-E68561BB4F96}.Debug|Any CPU.Build.0 = Debug|Any CPU
		{2959A54A-6E25-4365-B624-E68561BB4F96}.Release|Any CPU.ActiveCfg = Release|Any CPU
		{2959A54A-6E25-4365-B624-E68561BB4F96}.Release|Any CPU.Build.0 = Release|Any CPU
		{2879F3DE-1A95-41DD-9915-6F9A10B40ECF}.Debug|Any CPU.ActiveCfg = Debug|Any CPU
		{2879F3DE-1A95-41DD-9915-6F9A10B40ECF}.Debug|Any CPU.Build.0 = Debug|Any CPU
		{2879F3DE-1A95-41DD-9915-6F9A10B40ECF}.Release|Any CPU.ActiveCfg = Release|Any CPU
		{2879F3DE-1A95-41DD-9915-6F9A10B40ECF}.Release|Any CPU.Build.0 = Release|Any CPU
		{440B07EF-2A59-4297-93C7-8588BEDF3EE1}.Debug|Any CPU.ActiveCfg = Debug|Any CPU
		{440B07EF-2A59-4297-93C7-8588BEDF3EE1}.Debug|Any CPU.Build.0 = Debug|Any CPU
		{440B07EF-2A59-4297-93C7-8588BEDF3EE1}.Release|Any CPU.ActiveCfg = Release|Any CPU
		{440B07EF-2A59-4297-93C7-8588BEDF3EE1}.Release|Any CPU.Build.0 = Release|Any CPU
		{D4C97E28-D4CC-47FC-94BC-3CC5E0965685}.Debug|Any CPU.ActiveCfg = Debug|Any CPU
		{D4C97E28-D4CC-47FC-94BC-3CC5E0965685}.Debug|Any CPU.Build.0 = Debug|Any CPU
		{D4C97E28-D4CC-47FC-94BC-3CC5E0965685}.Release|Any CPU.ActiveCfg = Release|Any CPU
		{D4C97E28-D4CC-47FC-94BC-3CC5E0965685}.Release|Any CPU.Build.0 = Release|Any CPU
		{2EADBC0B-C081-4177-AFB9-FDCEEF146F72}.Debug|Any CPU.ActiveCfg = Debug|Any CPU
		{2EADBC0B-C081-4177-AFB9-FDCEEF146F72}.Debug|Any CPU.Build.0 = Debug|Any CPU
		{2EADBC0B-C081-4177-AFB9-FDCEEF146F72}.Release|Any CPU.ActiveCfg = Release|Any CPU
		{2EADBC0B-C081-4177-AFB9-FDCEEF146F72}.Release|Any CPU.Build.0 = Release|Any CPU
		{DDB37DB1-961B-4568-ABF4-D3182703C571}.Debug|Any CPU.ActiveCfg = Debug|Any CPU
		{DDB37DB1-961B-4568-ABF4-D3182703C571}.Debug|Any CPU.Build.0 = Debug|Any CPU
		{DDB37DB1-961B-4568-ABF4-D3182703C571}.Release|Any CPU.ActiveCfg = Release|Any CPU
		{DDB37DB1-961B-4568-ABF4-D3182703C571}.Release|Any CPU.Build.0 = Release|Any CPU
		{F0565960-5836-43B3-A4CD-B5D12275802D}.Debug|Any CPU.ActiveCfg = Debug|Any CPU
		{F0565960-5836-43B3-A4CD-B5D12275802D}.Debug|Any CPU.Build.0 = Debug|Any CPU
		{F0565960-5836-43B3-A4CD-B5D12275802D}.Release|Any CPU.ActiveCfg = Release|Any CPU
		{F0565960-5836-43B3-A4CD-B5D12275802D}.Release|Any CPU.Build.0 = Release|Any CPU
		{14D0696E-9F26-4B09-B7A5-7FBA2937D8B8}.Debug|Any CPU.ActiveCfg = Debug|Any CPU
		{14D0696E-9F26-4B09-B7A5-7FBA2937D8B8}.Debug|Any CPU.Build.0 = Debug|Any CPU
		{14D0696E-9F26-4B09-B7A5-7FBA2937D8B8}.Release|Any CPU.ActiveCfg = Release|Any CPU
		{14D0696E-9F26-4B09-B7A5-7FBA2937D8B8}.Release|Any CPU.Build.0 = Release|Any CPU
		{525FC30F-D1F9-44A9-A6F8-18EC5D4A1E15}.Debug|Any CPU.ActiveCfg = Debug|Any CPU
		{525FC30F-D1F9-44A9-A6F8-18EC5D4A1E15}.Debug|Any CPU.Build.0 = Debug|Any CPU
		{525FC30F-D1F9-44A9-A6F8-18EC5D4A1E15}.Release|Any CPU.ActiveCfg = Release|Any CPU
		{525FC30F-D1F9-44A9-A6F8-18EC5D4A1E15}.Release|Any CPU.Build.0 = Release|Any CPU
		{6633142E-3A6D-42C4-9188-EB3EF4734DC4}.Debug|Any CPU.ActiveCfg = Debug|Any CPU
		{6633142E-3A6D-42C4-9188-EB3EF4734DC4}.Debug|Any CPU.Build.0 = Debug|Any CPU
		{6633142E-3A6D-42C4-9188-EB3EF4734DC4}.Release|Any CPU.ActiveCfg = Release|Any CPU
		{6633142E-3A6D-42C4-9188-EB3EF4734DC4}.Release|Any CPU.Build.0 = Release|Any CPU
		{526C066F-74C0-49D9-B78E-39BD0220BB35}.Debug|Any CPU.ActiveCfg = Debug|Any CPU
		{526C066F-74C0-49D9-B78E-39BD0220BB35}.Debug|Any CPU.Build.0 = Debug|Any CPU
		{526C066F-74C0-49D9-B78E-39BD0220BB35}.Release|Any CPU.ActiveCfg = Release|Any CPU
		{526C066F-74C0-49D9-B78E-39BD0220BB35}.Release|Any CPU.Build.0 = Release|Any CPU
		{56AF48C1-F96D-4DD8-BF3E-0AB0120D3A7C}.Debug|Any CPU.ActiveCfg = Debug|Any CPU
		{56AF48C1-F96D-4DD8-BF3E-0AB0120D3A7C}.Debug|Any CPU.Build.0 = Debug|Any CPU
		{56AF48C1-F96D-4DD8-BF3E-0AB0120D3A7C}.Release|Any CPU.ActiveCfg = Release|Any CPU
		{56AF48C1-F96D-4DD8-BF3E-0AB0120D3A7C}.Release|Any CPU.Build.0 = Release|Any CPU
		{9ED8CD06-EB9A-4F4A-B359-9FF81A2FD564}.Debug|Any CPU.ActiveCfg = Debug|Any CPU
		{9ED8CD06-EB9A-4F4A-B359-9FF81A2FD564}.Debug|Any CPU.Build.0 = Debug|Any CPU
		{9ED8CD06-EB9A-4F4A-B359-9FF81A2FD564}.Release|Any CPU.ActiveCfg = Release|Any CPU
		{9ED8CD06-EB9A-4F4A-B359-9FF81A2FD564}.Release|Any CPU.Build.0 = Release|Any CPU
		{54E2186F-90BF-4988-878D-55EB07008D24}.Debug|Any CPU.ActiveCfg = Debug|Any CPU
		{54E2186F-90BF-4988-878D-55EB07008D24}.Debug|Any CPU.Build.0 = Debug|Any CPU
		{54E2186F-90BF-4988-878D-55EB07008D24}.Release|Any CPU.ActiveCfg = Release|Any CPU
		{54E2186F-90BF-4988-878D-55EB07008D24}.Release|Any CPU.Build.0 = Release|Any CPU
		{2150398E-5064-4F1A-AA8F-3367260C49F4}.Debug|Any CPU.ActiveCfg = Debug|Any CPU
		{2150398E-5064-4F1A-AA8F-3367260C49F4}.Debug|Any CPU.Build.0 = Debug|Any CPU
		{2150398E-5064-4F1A-AA8F-3367260C49F4}.Release|Any CPU.ActiveCfg = Release|Any CPU
		{2150398E-5064-4F1A-AA8F-3367260C49F4}.Release|Any CPU.Build.0 = Release|Any CPU
		{D08CD052-C085-4B40-9EAC-1EA0280F74E7}.Debug|Any CPU.ActiveCfg = Debug|Any CPU
		{D08CD052-C085-4B40-9EAC-1EA0280F74E7}.Debug|Any CPU.Build.0 = Debug|Any CPU
		{D08CD052-C085-4B40-9EAC-1EA0280F74E7}.Release|Any CPU.ActiveCfg = Release|Any CPU
		{D08CD052-C085-4B40-9EAC-1EA0280F74E7}.Release|Any CPU.Build.0 = Release|Any CPU
		{0995BFBB-6C10-442E-B2B3-67C0FB79B3D3}.Debug|Any CPU.ActiveCfg = Debug|Any CPU
		{0995BFBB-6C10-442E-B2B3-67C0FB79B3D3}.Debug|Any CPU.Build.0 = Debug|Any CPU
		{0995BFBB-6C10-442E-B2B3-67C0FB79B3D3}.Release|Any CPU.ActiveCfg = Release|Any CPU
		{0995BFBB-6C10-442E-B2B3-67C0FB79B3D3}.Release|Any CPU.Build.0 = Release|Any CPU
		{50A99B8E-41D9-4A8C-870F-C54C871A6B57}.Debug|Any CPU.ActiveCfg = Debug|Any CPU
		{50A99B8E-41D9-4A8C-870F-C54C871A6B57}.Debug|Any CPU.Build.0 = Debug|Any CPU
		{50A99B8E-41D9-4A8C-870F-C54C871A6B57}.Release|Any CPU.ActiveCfg = Release|Any CPU
		{50A99B8E-41D9-4A8C-870F-C54C871A6B57}.Release|Any CPU.Build.0 = Release|Any CPU
		{A1F66E5E-74A2-49E1-8CB5-DD2315802D6C}.Debug|Any CPU.ActiveCfg = Debug|Any CPU
		{A1F66E5E-74A2-49E1-8CB5-DD2315802D6C}.Debug|Any CPU.Build.0 = Debug|Any CPU
		{A1F66E5E-74A2-49E1-8CB5-DD2315802D6C}.Release|Any CPU.ActiveCfg = Release|Any CPU
		{A1F66E5E-74A2-49E1-8CB5-DD2315802D6C}.Release|Any CPU.Build.0 = Release|Any CPU
		{2E014848-F22D-4C00-9060-0F4791347CF7}.Debug|Any CPU.ActiveCfg = Debug|Any CPU
		{2E014848-F22D-4C00-9060-0F4791347CF7}.Debug|Any CPU.Build.0 = Debug|Any CPU
		{2E014848-F22D-4C00-9060-0F4791347CF7}.Release|Any CPU.ActiveCfg = Release|Any CPU
		{2E014848-F22D-4C00-9060-0F4791347CF7}.Release|Any CPU.Build.0 = Release|Any CPU
	EndGlobalSection
	GlobalSection(SolutionProperties) = preSolution
		HideSolutionNode = FALSE
	EndGlobalSection
	GlobalSection(NestedProjects) = preSolution
		{0052670A-6DD3-4CED-81FD-3414BB992E9A} = {10EB8558-6077-4BD4-8F96-24DDC4268B16}
		{98BAD84D-B57C-49B4-A0DD-1B75D40DD2A4} = {10EB8558-6077-4BD4-8F96-24DDC4268B16}
		{B7A9E1C3-D98D-47BC-8E3C-8E37C4E0B365} = {10EB8558-6077-4BD4-8F96-24DDC4268B16}
		{14D0696E-9F26-4B09-B7A5-7FBA2937D8B8} = {10EB8558-6077-4BD4-8F96-24DDC4268B16}
		{F16487AB-8B37-4BC0-AC3E-E993B3256226} = {11C1A25B-4339-4D82-9A3A-2C1F89902A74}
		{767221FE-B6A7-4CC0-8105-4F36DD73C3D3} = {11C1A25B-4339-4D82-9A3A-2C1F89902A74}
		{3F1230C0-C86F-4F4E-B480-DA40D35FE8AE} = {11C1A25B-4339-4D82-9A3A-2C1F89902A74}
		{5E0F837D-F5EE-409D-9D4E-425C25AA5390} = {11C1A25B-4339-4D82-9A3A-2C1F89902A74}
		{8066E358-FB35-4164-A247-709A01D55A69} = {11C1A25B-4339-4D82-9A3A-2C1F89902A74}
		{7B9E13FB-6529-486C-8CB7-B1BC359CD914} = {11C1A25B-4339-4D82-9A3A-2C1F89902A74}
		{F3C823BB-EB55-4D25-99CD-0E4132445BAA} = {11C1A25B-4339-4D82-9A3A-2C1F89902A74}
		{F507B880-F63A-4DD5-A36C-050792B4BE5B} = {11C1A25B-4339-4D82-9A3A-2C1F89902A74}
		{5ED9C7B6-E3F6-44A6-85CC-DFC7FE71E3B2} = {11C1A25B-4339-4D82-9A3A-2C1F89902A74}
		{3C0EAE18-9909-4DC3-AE99-AC58D52DE944} = {11C1A25B-4339-4D82-9A3A-2C1F89902A74}
		{EF1DDD83-AB57-4D8F-8C51-CF038D08F577} = {11C1A25B-4339-4D82-9A3A-2C1F89902A74}
		{6E9DB9E3-1FC9-4EBE-92D8-7A3E307E344D} = {11C1A25B-4339-4D82-9A3A-2C1F89902A74}
		{7CE4401F-C952-4A9C-A5D8-EEE674D20728} = {11C1A25B-4339-4D82-9A3A-2C1F89902A74}
		{D651677E-C0E3-4C33-91AD-752A2FBBC0EB} = {11C1A25B-4339-4D82-9A3A-2C1F89902A74}
		{89768E7A-94F5-4294-94CD-62B52C2C9BB6} = {11C1A25B-4339-4D82-9A3A-2C1F89902A74}
		{CBD6167D-102A-4E85-9080-910AEBF0ED84} = {0C063FDB-87D5-4C0C-B1B9-512445CAB39A}
		{2790E2FF-E8BA-471A-86BD-BD17F83834A2} = {0C063FDB-87D5-4C0C-B1B9-512445CAB39A}
		{2959A54A-6E25-4365-B624-E68561BB4F96} = {5283A4C7-5235-45D1-9A26-E9925103A0BD}
		{2879F3DE-1A95-41DD-9915-6F9A10B40ECF} = {5283A4C7-5235-45D1-9A26-E9925103A0BD}
		{440B07EF-2A59-4297-93C7-8588BEDF3EE1} = {5283A4C7-5235-45D1-9A26-E9925103A0BD}
		{D4C97E28-D4CC-47FC-94BC-3CC5E0965685} = {5283A4C7-5235-45D1-9A26-E9925103A0BD}
		{2EADBC0B-C081-4177-AFB9-FDCEEF146F72} = {5283A4C7-5235-45D1-9A26-E9925103A0BD}
		{DDB37DB1-961B-4568-ABF4-D3182703C571} = {5283A4C7-5235-45D1-9A26-E9925103A0BD}
		{F0565960-5836-43B3-A4CD-B5D12275802D} = {5283A4C7-5235-45D1-9A26-E9925103A0BD}
		{525FC30F-D1F9-44A9-A6F8-18EC5D4A1E15} = {5283A4C7-5235-45D1-9A26-E9925103A0BD}
		{6633142E-3A6D-42C4-9188-EB3EF4734DC4} = {5283A4C7-5235-45D1-9A26-E9925103A0BD}
		{526C066F-74C0-49D9-B78E-39BD0220BB35} = {5283A4C7-5235-45D1-9A26-E9925103A0BD}
		{56AF48C1-F96D-4DD8-BF3E-0AB0120D3A7C} = {5283A4C7-5235-45D1-9A26-E9925103A0BD}
		{9ED8CD06-EB9A-4F4A-B359-9FF81A2FD564} = {5283A4C7-5235-45D1-9A26-E9925103A0BD}
		{54E2186F-90BF-4988-878D-55EB07008D24} = {5283A4C7-5235-45D1-9A26-E9925103A0BD}
		{2150398E-5064-4F1A-AA8F-3367260C49F4} = {5283A4C7-5235-45D1-9A26-E9925103A0BD}
		{D08CD052-C085-4B40-9EAC-1EA0280F74E7} = {5283A4C7-5235-45D1-9A26-E9925103A0BD}
		{0995BFBB-6C10-442E-B2B3-67C0FB79B3D3} = {5283A4C7-5235-45D1-9A26-E9925103A0BD}
		{50A99B8E-41D9-4A8C-870F-C54C871A6B57} = {70CF2F69-37BA-4335-AF5D-153630364AC3}
		{A1F66E5E-74A2-49E1-8CB5-DD2315802D6C} = {70CF2F69-37BA-4335-AF5D-153630364AC3}
		{2E014848-F22D-4C00-9060-0F4791347CF7} = {70CF2F69-37BA-4335-AF5D-153630364AC3}
	EndGlobalSection
EndGlobal
